// !$*UTF8*$!
{
	archiveVersion = 1;
	classes = {
	};
	objectVersion = 50;
	objects = {

/* Begin PBXBuildFile section */
		8676BFC50BFA0F2354C02D88 /* libPods-SmartLight.a in Frameworks */ = {isa = PBXBuildFile; fileRef = 834B095FA55E32C547267416 /* libPods-SmartLight.a */; };
		9A101B5822F5C9400033E96B /* AppDelegate.swift in Sources */ = {isa = PBXBuildFile; fileRef = 9A101B5722F5C9400033E96B /* AppDelegate.swift */; };
		9A101B5A22F5C9400033E96B /* DashboardViewController.swift in Sources */ = {isa = PBXBuildFile; fileRef = 9A101B5922F5C9400033E96B /* DashboardViewController.swift */; };
		9A101B5D22F5C9400033E96B /* Main.storyboard in Resources */ = {isa = PBXBuildFile; fileRef = 9A101B5B22F5C9400033E96B /* Main.storyboard */; };
		9A101B6022F5C9400033E96B /* SmartLight.xcdatamodeld in Sources */ = {isa = PBXBuildFile; fileRef = 9A101B5E22F5C9400033E96B /* SmartLight.xcdatamodeld */; };
		9A101B6222F5C9410033E96B /* Assets.xcassets in Resources */ = {isa = PBXBuildFile; fileRef = 9A101B6122F5C9410033E96B /* Assets.xcassets */; };
		9A101B6522F5C9410033E96B /* LaunchScreen.storyboard in Resources */ = {isa = PBXBuildFile; fileRef = 9A101B6322F5C9410033E96B /* LaunchScreen.storyboard */; };
		9A101B7022F5C9410033E96B /* SmartLightTests.swift in Sources */ = {isa = PBXBuildFile; fileRef = 9A101B6F22F5C9410033E96B /* SmartLightTests.swift */; };
		9A101B7B22F5C9410033E96B /* SmartLightUITests.swift in Sources */ = {isa = PBXBuildFile; fileRef = 9A101B7A22F5C9410033E96B /* SmartLightUITests.swift */; };
		9A101FFC22FDBEDE000F36D7 /* BashboardCollectionViewCell.swift in Sources */ = {isa = PBXBuildFile; fileRef = 9A101FFB22FDBEDE000F36D7 /* BashboardCollectionViewCell.swift */; };
		9A101FFF23004017000F36D7 /* DeviceListViewController.swift in Sources */ = {isa = PBXBuildFile; fileRef = 9A101FFE23004017000F36D7 /* DeviceListViewController.swift */; };
		9A10200123004035000F36D7 /* Device.storyboard in Resources */ = {isa = PBXBuildFile; fileRef = 9A10200023004035000F36D7 /* Device.storyboard */; };
		9A10200323005CD5000F36D7 /* SearchDeviceViewController.swift in Sources */ = {isa = PBXBuildFile; fileRef = 9A10200223005CD5000F36D7 /* SearchDeviceViewController.swift */; };
		9A10200523005F58000F36D7 /* WIFIListViewController.swift in Sources */ = {isa = PBXBuildFile; fileRef = 9A10200423005F57000F36D7 /* WIFIListViewController.swift */; };
		9A1020072300660E000F36D7 /* DeviceListTableViewCell.swift in Sources */ = {isa = PBXBuildFile; fileRef = 9A1020062300660E000F36D7 /* DeviceListTableViewCell.swift */; };
		9A10200A230066BF000F36D7 /* DeviceListModel.swift in Sources */ = {isa = PBXBuildFile; fileRef = 9A102009230066BF000F36D7 /* DeviceListModel.swift */; };
		9A10200C23006703000F36D7 /* DeviceModel.swift in Sources */ = {isa = PBXBuildFile; fileRef = 9A10200B23006703000F36D7 /* DeviceModel.swift */; };
		9A1020112302F296000F36D7 /* ControlViewController.swift in Sources */ = {isa = PBXBuildFile; fileRef = 9A1020102302F296000F36D7 /* ControlViewController.swift */; };
		9A1020132302F38D000F36D7 /* Control.storyboard in Resources */ = {isa = PBXBuildFile; fileRef = 9A1020122302F38D000F36D7 /* Control.storyboard */; };
		9A10201523030026000F36D7 /* TouchBarValueView.swift in Sources */ = {isa = PBXBuildFile; fileRef = 9A10201423030026000F36D7 /* TouchBarValueView.swift */; };
		9A10201723030031000F36D7 /* TouchBarValueView.xib in Resources */ = {isa = PBXBuildFile; fileRef = 9A10201623030031000F36D7 /* TouchBarValueView.xib */; };
		9A3E1E8122F830A600A24DB1 /* Images.swift in Sources */ = {isa = PBXBuildFile; fileRef = 9A3E1E8022F830A600A24DB1 /* Images.swift */; };
		9A3E1E8322F836C800A24DB1 /* BarValueView.swift in Sources */ = {isa = PBXBuildFile; fileRef = 9A3E1E8222F836C800A24DB1 /* BarValueView.swift */; };
		9A3E1E8522F836E500A24DB1 /* BarValueView.xib in Resources */ = {isa = PBXBuildFile; fileRef = 9A3E1E8422F836E500A24DB1 /* BarValueView.xib */; };
		9A3E1E8722F8573300A24DB1 /* Strings.swift in Sources */ = {isa = PBXBuildFile; fileRef = 9A3E1E8622F8573300A24DB1 /* Strings.swift */; };
		9A3E1E8A22F8590500A24DB1 /* BaseViewController.swift in Sources */ = {isa = PBXBuildFile; fileRef = 9A3E1E8922F8590500A24DB1 /* BaseViewController.swift */; };
		9A3E1E9522F85AF700A24DB1 /* ytcpsocket.c in Sources */ = {isa = PBXBuildFile; fileRef = 9A3E1E8E22F85AF600A24DB1 /* ytcpsocket.c */; };
		9A3E1E9622F85AF700A24DB1 /* TCPClient.swift in Sources */ = {isa = PBXBuildFile; fileRef = 9A3E1E8F22F85AF600A24DB1 /* TCPClient.swift */; };
		9A3E1E9722F85AF700A24DB1 /* yudpsocket.c in Sources */ = {isa = PBXBuildFile; fileRef = 9A3E1E9022F85AF700A24DB1 /* yudpsocket.c */; };
		9A3E1E9822F85AF700A24DB1 /* UDPClient.swift in Sources */ = {isa = PBXBuildFile; fileRef = 9A3E1E9122F85AF700A24DB1 /* UDPClient.swift */; };
		9A3E1E9922F85AF700A24DB1 /* Result.swift in Sources */ = {isa = PBXBuildFile; fileRef = 9A3E1E9222F85AF700A24DB1 /* Result.swift */; };
		9A3E1E9A22F85AF700A24DB1 /* Socket.swift in Sources */ = {isa = PBXBuildFile; fileRef = 9A3E1E9322F85AF700A24DB1 /* Socket.swift */; };
		9A3E1E9C22F85C2600A24DB1 /* Arrays.swift in Sources */ = {isa = PBXBuildFile; fileRef = 9A3E1E9B22F85C2600A24DB1 /* Arrays.swift */; };
		9A3E1E9E22F86DBE00A24DB1 /* BaseNavigationController.swift in Sources */ = {isa = PBXBuildFile; fileRef = 9A3E1E9D22F86DBE00A24DB1 /* BaseNavigationController.swift */; };
		9A3E1EA022F86E4300A24DB1 /* BaseTabBarController.swift in Sources */ = {isa = PBXBuildFile; fileRef = 9A3E1E9F22F86E4300A24DB1 /* BaseTabBarController.swift */; };
		9A3E1EA322F8752D00A24DB1 /* SettingsTableViewController.swift in Sources */ = {isa = PBXBuildFile; fileRef = 9A3E1EA222F8752D00A24DB1 /* SettingsTableViewController.swift */; };
		9A3E1EA522F87CC900A24DB1 /* Settings.storyboard in Resources */ = {isa = PBXBuildFile; fileRef = 9A3E1EA422F87CC900A24DB1 /* Settings.storyboard */; };
		9A79F63822F6684E00487DC5 /* Foundation+Extension.swift in Sources */ = {isa = PBXBuildFile; fileRef = 9A79F63722F6684E00487DC5 /* Foundation+Extension.swift */; };
		9A79F63A22F668F100487DC5 /* UIKit+Extension.swift in Sources */ = {isa = PBXBuildFile; fileRef = 9A79F63922F668F100487DC5 /* UIKit+Extension.swift */; };
		9A79F63D22F669BD00487DC5 /* Colors.swift in Sources */ = {isa = PBXBuildFile; fileRef = 9A79F63C22F669BD00487DC5 /* Colors.swift */; };
		9A79F63F22F66E8600487DC5 /* Dimension.swift in Sources */ = {isa = PBXBuildFile; fileRef = 9A79F63E22F66E8600487DC5 /* Dimension.swift */; };
		9AA1AC3022FA9BB60000F6D2 /* DatePickerViewController.swift in Sources */ = {isa = PBXBuildFile; fileRef = 9AA1AC2F22FA9BB60000F6D2 /* DatePickerViewController.swift */; };
		9AA1AC3222FA9BE00000F6D2 /* Public.storyboard in Resources */ = {isa = PBXBuildFile; fileRef = 9AA1AC3122FA9BE00000F6D2 /* Public.storyboard */; };
		9AA1AC3522FC492B0000F6D2 /* EffectsTableViewController.swift in Sources */ = {isa = PBXBuildFile; fileRef = 9AA1AC3422FC492B0000F6D2 /* EffectsTableViewController.swift */; };
		9AA1AC3722FC49420000F6D2 /* Effects.storyboard in Resources */ = {isa = PBXBuildFile; fileRef = 9AA1AC3622FC49420000F6D2 /* Effects.storyboard */; };
		9AA1AC3922FC60E70000F6D2 /* EffectsSettingTableViewController.swift in Sources */ = {isa = PBXBuildFile; fileRef = 9AA1AC3822FC60E70000F6D2 /* EffectsSettingTableViewController.swift */; };
		9AA1AC3E22FC64C80000F6D2 /* EffectsSettingTableViewCell.swift in Sources */ = {isa = PBXBuildFile; fileRef = 9AA1AC3C22FC64C80000F6D2 /* EffectsSettingTableViewCell.swift */; };
		9AA1AC3F22FC64C80000F6D2 /* EffectsSettingTableViewCell.xib in Resources */ = {isa = PBXBuildFile; fileRef = 9AA1AC3D22FC64C80000F6D2 /* EffectsSettingTableViewCell.xib */; };
		9AA1AC4222FC67160000F6D2 /* EffectsSettingBTableViewCell.swift in Sources */ = {isa = PBXBuildFile; fileRef = 9AA1AC4022FC67160000F6D2 /* EffectsSettingBTableViewCell.swift */; };
		9AA1AC4322FC67160000F6D2 /* EffectsSettingBTableViewCell.xib in Resources */ = {isa = PBXBuildFile; fileRef = 9AA1AC4122FC67160000F6D2 /* EffectsSettingBTableViewCell.xib */; };
		9AA1AC4822FC68870000F6D2 /* EffectsSettingCTableViewCell.swift in Sources */ = {isa = PBXBuildFile; fileRef = 9AA1AC4622FC68870000F6D2 /* EffectsSettingCTableViewCell.swift */; };
		9AA1AC4922FC68870000F6D2 /* EffectsSettingCTableViewCell.xib in Resources */ = {isa = PBXBuildFile; fileRef = 9AA1AC4722FC68870000F6D2 /* EffectsSettingCTableViewCell.xib */; };
		9AA1AC4D22FD0C130000F6D2 /* EffectsSettingModel.swift in Sources */ = {isa = PBXBuildFile; fileRef = 9AA1AC4C22FD0C130000F6D2 /* EffectsSettingModel.swift */; };
/* End PBXBuildFile section */

/* Begin PBXContainerItemProxy section */
		9A101B6C22F5C9410033E96B /* PBXContainerItemProxy */ = {
			isa = PBXContainerItemProxy;
			containerPortal = 9A101B4C22F5C9400033E96B /* Project object */;
			proxyType = 1;
			remoteGlobalIDString = 9A101B5322F5C9400033E96B;
			remoteInfo = SmartLight;
		};
		9A101B7722F5C9410033E96B /* PBXContainerItemProxy */ = {
			isa = PBXContainerItemProxy;
			containerPortal = 9A101B4C22F5C9400033E96B /* Project object */;
			proxyType = 1;
			remoteGlobalIDString = 9A101B5322F5C9400033E96B;
			remoteInfo = SmartLight;
		};
/* End PBXContainerItemProxy section */

/* Begin PBXFileReference section */
		7FEBEBB733C700359B9854BE /* Pods-SmartLight.debug.xcconfig */ = {isa = PBXFileReference; includeInIndex = 1; lastKnownFileType = text.xcconfig; name = "Pods-SmartLight.debug.xcconfig"; path = "Target Support Files/Pods-SmartLight/Pods-SmartLight.debug.xcconfig"; sourceTree = "<group>"; };
		834B095FA55E32C547267416 /* libPods-SmartLight.a */ = {isa = PBXFileReference; explicitFileType = archive.ar; includeInIndex = 0; path = "libPods-SmartLight.a"; sourceTree = BUILT_PRODUCTS_DIR; };
		9A101B5422F5C9400033E96B /* SmartLight.app */ = {isa = PBXFileReference; explicitFileType = wrapper.application; includeInIndex = 0; path = SmartLight.app; sourceTree = BUILT_PRODUCTS_DIR; };
		9A101B5722F5C9400033E96B /* AppDelegate.swift */ = {isa = PBXFileReference; lastKnownFileType = sourcecode.swift; path = AppDelegate.swift; sourceTree = "<group>"; };
		9A101B5922F5C9400033E96B /* DashboardViewController.swift */ = {isa = PBXFileReference; lastKnownFileType = sourcecode.swift; path = DashboardViewController.swift; sourceTree = "<group>"; };
		9A101B5C22F5C9400033E96B /* Base */ = {isa = PBXFileReference; lastKnownFileType = file.storyboard; name = Base; path = Base.lproj/Main.storyboard; sourceTree = "<group>"; };
		9A101B5F22F5C9400033E96B /* SmartLight.xcdatamodel */ = {isa = PBXFileReference; lastKnownFileType = wrapper.xcdatamodel; path = SmartLight.xcdatamodel; sourceTree = "<group>"; };
		9A101B6122F5C9410033E96B /* Assets.xcassets */ = {isa = PBXFileReference; lastKnownFileType = folder.assetcatalog; path = Assets.xcassets; sourceTree = "<group>"; };
		9A101B6422F5C9410033E96B /* Base */ = {isa = PBXFileReference; lastKnownFileType = file.storyboard; name = Base; path = Base.lproj/LaunchScreen.storyboard; sourceTree = "<group>"; };
		9A101B6622F5C9410033E96B /* Info.plist */ = {isa = PBXFileReference; lastKnownFileType = text.plist.xml; path = Info.plist; sourceTree = "<group>"; };
		9A101B6B22F5C9410033E96B /* SmartLightTests.xctest */ = {isa = PBXFileReference; explicitFileType = wrapper.cfbundle; includeInIndex = 0; path = SmartLightTests.xctest; sourceTree = BUILT_PRODUCTS_DIR; };
		9A101B6F22F5C9410033E96B /* SmartLightTests.swift */ = {isa = PBXFileReference; lastKnownFileType = sourcecode.swift; path = SmartLightTests.swift; sourceTree = "<group>"; };
		9A101B7122F5C9410033E96B /* Info.plist */ = {isa = PBXFileReference; lastKnownFileType = text.plist.xml; path = Info.plist; sourceTree = "<group>"; };
		9A101B7622F5C9410033E96B /* SmartLightUITests.xctest */ = {isa = PBXFileReference; explicitFileType = wrapper.cfbundle; includeInIndex = 0; path = SmartLightUITests.xctest; sourceTree = BUILT_PRODUCTS_DIR; };
		9A101B7A22F5C9410033E96B /* SmartLightUITests.swift */ = {isa = PBXFileReference; lastKnownFileType = sourcecode.swift; path = SmartLightUITests.swift; sourceTree = "<group>"; };
		9A101B7C22F5C9410033E96B /* Info.plist */ = {isa = PBXFileReference; lastKnownFileType = text.plist.xml; path = Info.plist; sourceTree = "<group>"; };
		9A101FFB22FDBEDE000F36D7 /* BashboardCollectionViewCell.swift */ = {isa = PBXFileReference; lastKnownFileType = sourcecode.swift; path = BashboardCollectionViewCell.swift; sourceTree = "<group>"; };
		9A101FFE23004017000F36D7 /* DeviceListViewController.swift */ = {isa = PBXFileReference; lastKnownFileType = sourcecode.swift; path = DeviceListViewController.swift; sourceTree = "<group>"; };
		9A10200023004035000F36D7 /* Device.storyboard */ = {isa = PBXFileReference; lastKnownFileType = file.storyboard; path = Device.storyboard; sourceTree = "<group>"; };
		9A10200223005CD5000F36D7 /* SearchDeviceViewController.swift */ = {isa = PBXFileReference; lastKnownFileType = sourcecode.swift; path = SearchDeviceViewController.swift; sourceTree = "<group>"; };
		9A10200423005F57000F36D7 /* WIFIListViewController.swift */ = {isa = PBXFileReference; lastKnownFileType = sourcecode.swift; path = WIFIListViewController.swift; sourceTree = "<group>"; };
		9A1020062300660E000F36D7 /* DeviceListTableViewCell.swift */ = {isa = PBXFileReference; lastKnownFileType = sourcecode.swift; path = DeviceListTableViewCell.swift; sourceTree = "<group>"; };
		9A102009230066BF000F36D7 /* DeviceListModel.swift */ = {isa = PBXFileReference; lastKnownFileType = sourcecode.swift; path = DeviceListModel.swift; sourceTree = "<group>"; };
		9A10200B23006703000F36D7 /* DeviceModel.swift */ = {isa = PBXFileReference; lastKnownFileType = sourcecode.swift; path = DeviceModel.swift; sourceTree = "<group>"; };
		9A1020102302F296000F36D7 /* ControlViewController.swift */ = {isa = PBXFileReference; lastKnownFileType = sourcecode.swift; path = ControlViewController.swift; sourceTree = "<group>"; };
		9A1020122302F38D000F36D7 /* Control.storyboard */ = {isa = PBXFileReference; lastKnownFileType = file.storyboard; path = Control.storyboard; sourceTree = "<group>"; };
		9A10201423030026000F36D7 /* TouchBarValueView.swift */ = {isa = PBXFileReference; lastKnownFileType = sourcecode.swift; path = TouchBarValueView.swift; sourceTree = "<group>"; };
		9A10201623030031000F36D7 /* TouchBarValueView.xib */ = {isa = PBXFileReference; lastKnownFileType = file.xib; path = TouchBarValueView.xib; sourceTree = "<group>"; };
		9A3E1E8022F830A600A24DB1 /* Images.swift */ = {isa = PBXFileReference; lastKnownFileType = sourcecode.swift; path = Images.swift; sourceTree = "<group>"; };
		9A3E1E8222F836C800A24DB1 /* BarValueView.swift */ = {isa = PBXFileReference; lastKnownFileType = sourcecode.swift; path = BarValueView.swift; sourceTree = "<group>"; };
		9A3E1E8422F836E500A24DB1 /* BarValueView.xib */ = {isa = PBXFileReference; lastKnownFileType = file.xib; path = BarValueView.xib; sourceTree = "<group>"; };
		9A3E1E8622F8573300A24DB1 /* Strings.swift */ = {isa = PBXFileReference; lastKnownFileType = sourcecode.swift; path = Strings.swift; sourceTree = "<group>"; };
		9A3E1E8922F8590500A24DB1 /* BaseViewController.swift */ = {isa = PBXFileReference; lastKnownFileType = sourcecode.swift; path = BaseViewController.swift; sourceTree = "<group>"; };
		9A3E1E8D22F85AF600A24DB1 /* SmartLight-Bridging-Header.h */ = {isa = PBXFileReference; lastKnownFileType = sourcecode.c.h; path = "SmartLight-Bridging-Header.h"; sourceTree = "<group>"; };
		9A3E1E8E22F85AF600A24DB1 /* ytcpsocket.c */ = {isa = PBXFileReference; fileEncoding = 4; lastKnownFileType = sourcecode.c.c; path = ytcpsocket.c; sourceTree = "<group>"; };
		9A3E1E8F22F85AF600A24DB1 /* TCPClient.swift */ = {isa = PBXFileReference; fileEncoding = 4; lastKnownFileType = sourcecode.swift; path = TCPClient.swift; sourceTree = "<group>"; };
		9A3E1E9022F85AF700A24DB1 /* yudpsocket.c */ = {isa = PBXFileReference; fileEncoding = 4; lastKnownFileType = sourcecode.c.c; path = yudpsocket.c; sourceTree = "<group>"; };
		9A3E1E9122F85AF700A24DB1 /* UDPClient.swift */ = {isa = PBXFileReference; fileEncoding = 4; lastKnownFileType = sourcecode.swift; path = UDPClient.swift; sourceTree = "<group>"; };
		9A3E1E9222F85AF700A24DB1 /* Result.swift */ = {isa = PBXFileReference; fileEncoding = 4; lastKnownFileType = sourcecode.swift; path = Result.swift; sourceTree = "<group>"; };
		9A3E1E9322F85AF700A24DB1 /* Socket.swift */ = {isa = PBXFileReference; fileEncoding = 4; lastKnownFileType = sourcecode.swift; path = Socket.swift; sourceTree = "<group>"; };
		9A3E1E9422F85AF700A24DB1 /* SwiftSocket.h */ = {isa = PBXFileReference; fileEncoding = 4; lastKnownFileType = sourcecode.c.h; path = SwiftSocket.h; sourceTree = "<group>"; };
		9A3E1E9B22F85C2600A24DB1 /* Arrays.swift */ = {isa = PBXFileReference; lastKnownFileType = sourcecode.swift; path = Arrays.swift; sourceTree = "<group>"; };
		9A3E1E9D22F86DBE00A24DB1 /* BaseNavigationController.swift */ = {isa = PBXFileReference; lastKnownFileType = sourcecode.swift; path = BaseNavigationController.swift; sourceTree = "<group>"; };
		9A3E1E9F22F86E4300A24DB1 /* BaseTabBarController.swift */ = {isa = PBXFileReference; lastKnownFileType = sourcecode.swift; path = BaseTabBarController.swift; sourceTree = "<group>"; };
		9A3E1EA222F8752D00A24DB1 /* SettingsTableViewController.swift */ = {isa = PBXFileReference; lastKnownFileType = sourcecode.swift; path = SettingsTableViewController.swift; sourceTree = "<group>"; };
		9A3E1EA422F87CC900A24DB1 /* Settings.storyboard */ = {isa = PBXFileReference; lastKnownFileType = file.storyboard; path = Settings.storyboard; sourceTree = "<group>"; };
		9A79F63722F6684E00487DC5 /* Foundation+Extension.swift */ = {isa = PBXFileReference; lastKnownFileType = sourcecode.swift; path = "Foundation+Extension.swift"; sourceTree = "<group>"; };
		9A79F63922F668F100487DC5 /* UIKit+Extension.swift */ = {isa = PBXFileReference; lastKnownFileType = sourcecode.swift; path = "UIKit+Extension.swift"; sourceTree = "<group>"; };
		9A79F63C22F669BD00487DC5 /* Colors.swift */ = {isa = PBXFileReference; lastKnownFileType = sourcecode.swift; path = Colors.swift; sourceTree = "<group>"; };
		9A79F63E22F66E8600487DC5 /* Dimension.swift */ = {isa = PBXFileReference; lastKnownFileType = sourcecode.swift; path = Dimension.swift; sourceTree = "<group>"; };
		9AA1AC2F22FA9BB60000F6D2 /* DatePickerViewController.swift */ = {isa = PBXFileReference; lastKnownFileType = sourcecode.swift; path = DatePickerViewController.swift; sourceTree = "<group>"; };
		9AA1AC3122FA9BE00000F6D2 /* Public.storyboard */ = {isa = PBXFileReference; lastKnownFileType = file.storyboard; path = Public.storyboard; sourceTree = "<group>"; };
		9AA1AC3422FC492B0000F6D2 /* EffectsTableViewController.swift */ = {isa = PBXFileReference; lastKnownFileType = sourcecode.swift; path = EffectsTableViewController.swift; sourceTree = "<group>"; };
		9AA1AC3622FC49420000F6D2 /* Effects.storyboard */ = {isa = PBXFileReference; lastKnownFileType = file.storyboard; path = Effects.storyboard; sourceTree = "<group>"; };
		9AA1AC3822FC60E70000F6D2 /* EffectsSettingTableViewController.swift */ = {isa = PBXFileReference; lastKnownFileType = sourcecode.swift; path = EffectsSettingTableViewController.swift; sourceTree = "<group>"; };
		9AA1AC3C22FC64C80000F6D2 /* EffectsSettingTableViewCell.swift */ = {isa = PBXFileReference; lastKnownFileType = sourcecode.swift; path = EffectsSettingTableViewCell.swift; sourceTree = "<group>"; };
		9AA1AC3D22FC64C80000F6D2 /* EffectsSettingTableViewCell.xib */ = {isa = PBXFileReference; lastKnownFileType = file.xib; path = EffectsSettingTableViewCell.xib; sourceTree = "<group>"; };
		9AA1AC4022FC67160000F6D2 /* EffectsSettingBTableViewCell.swift */ = {isa = PBXFileReference; lastKnownFileType = sourcecode.swift; path = EffectsSettingBTableViewCell.swift; sourceTree = "<group>"; };
		9AA1AC4122FC67160000F6D2 /* EffectsSettingBTableViewCell.xib */ = {isa = PBXFileReference; lastKnownFileType = file.xib; path = EffectsSettingBTableViewCell.xib; sourceTree = "<group>"; };
		9AA1AC4622FC68870000F6D2 /* EffectsSettingCTableViewCell.swift */ = {isa = PBXFileReference; lastKnownFileType = sourcecode.swift; path = EffectsSettingCTableViewCell.swift; sourceTree = "<group>"; };
		9AA1AC4722FC68870000F6D2 /* EffectsSettingCTableViewCell.xib */ = {isa = PBXFileReference; lastKnownFileType = file.xib; path = EffectsSettingCTableViewCell.xib; sourceTree = "<group>"; };
		9AA1AC4C22FD0C130000F6D2 /* EffectsSettingModel.swift */ = {isa = PBXFileReference; lastKnownFileType = sourcecode.swift; path = EffectsSettingModel.swift; sourceTree = "<group>"; };
		CD261D01D98AF10D7C326555 /* Pods-SmartLight.release.xcconfig */ = {isa = PBXFileReference; includeInIndex = 1; lastKnownFileType = text.xcconfig; name = "Pods-SmartLight.release.xcconfig"; path = "Target Support Files/Pods-SmartLight/Pods-SmartLight.release.xcconfig"; sourceTree = "<group>"; };
/* End PBXFileReference section */

/* Begin PBXFrameworksBuildPhase section */
		9A101B5122F5C9400033E96B /* Frameworks */ = {
			isa = PBXFrameworksBuildPhase;
			buildActionMask = 2147483647;
			files = (
				8676BFC50BFA0F2354C02D88 /* libPods-SmartLight.a in Frameworks */,
			);
			runOnlyForDeploymentPostprocessing = 0;
		};
		9A101B6822F5C9410033E96B /* Frameworks */ = {
			isa = PBXFrameworksBuildPhase;
			buildActionMask = 2147483647;
			files = (
			);
			runOnlyForDeploymentPostprocessing = 0;
		};
		9A101B7322F5C9410033E96B /* Frameworks */ = {
			isa = PBXFrameworksBuildPhase;
			buildActionMask = 2147483647;
			files = (
			);
			runOnlyForDeploymentPostprocessing = 0;
		};
/* End PBXFrameworksBuildPhase section */

/* Begin PBXGroup section */
		6404F819E3907B9DFEEFE117 /* Pods */ = {
			isa = PBXGroup;
			children = (
				7FEBEBB733C700359B9854BE /* Pods-SmartLight.debug.xcconfig */,
				CD261D01D98AF10D7C326555 /* Pods-SmartLight.release.xcconfig */,
			);
			path = Pods;
			sourceTree = "<group>";
		};
		9A101B4B22F5C9400033E96B = {
			isa = PBXGroup;
			children = (
				9A101B5622F5C9400033E96B /* SmartLight */,
				9A101B6E22F5C9410033E96B /* SmartLightTests */,
				9A101B7922F5C9410033E96B /* SmartLightUITests */,
				9A101B5522F5C9400033E96B /* Products */,
				6404F819E3907B9DFEEFE117 /* Pods */,
				DF3FE0527742D0EBEA230E37 /* Frameworks */,
			);
			sourceTree = "<group>";
		};
		9A101B5522F5C9400033E96B /* Products */ = {
			isa = PBXGroup;
			children = (
				9A101B5422F5C9400033E96B /* SmartLight.app */,
				9A101B6B22F5C9410033E96B /* SmartLightTests.xctest */,
				9A101B7622F5C9410033E96B /* SmartLightUITests.xctest */,
			);
			name = Products;
			sourceTree = "<group>";
		};
		9A101B5622F5C9400033E96B /* SmartLight */ = {
			isa = PBXGroup;
			children = (
				9AA1AC4A22FD0BAD0000F6D2 /* Model */,
				9A79F64022F66FE100487DC5 /* View */,
				9A79F63522F6680F00487DC5 /* Kit */,
				9A101B8822F5C9520033E96B /* Storyboard */,
				9A79F63B22F669A300487DC5 /* Res */,
				9A101B5722F5C9400033E96B /* AppDelegate.swift */,
				9A3E1E8B22F85ACE00A24DB1 /* Vendor */,
				9A101B6122F5C9410033E96B /* Assets.xcassets */,
				9A101B6322F5C9410033E96B /* LaunchScreen.storyboard */,
				9A101B6622F5C9410033E96B /* Info.plist */,
				9A101B5E22F5C9400033E96B /* SmartLight.xcdatamodeld */,
			);
			path = SmartLight;
			sourceTree = "<group>";
		};
		9A101B6E22F5C9410033E96B /* SmartLightTests */ = {
			isa = PBXGroup;
			children = (
				9A101B6F22F5C9410033E96B /* SmartLightTests.swift */,
				9A101B7122F5C9410033E96B /* Info.plist */,
			);
			path = SmartLightTests;
			sourceTree = "<group>";
		};
		9A101B7922F5C9410033E96B /* SmartLightUITests */ = {
			isa = PBXGroup;
			children = (
				9A101B7A22F5C9410033E96B /* SmartLightUITests.swift */,
				9A101B7C22F5C9410033E96B /* Info.plist */,
			);
			path = SmartLightUITests;
			sourceTree = "<group>";
		};
		9A101B8822F5C9520033E96B /* Storyboard */ = {
			isa = PBXGroup;
			children = (
				9A101B5B22F5C9400033E96B /* Main.storyboard */,
				9A3E1EA422F87CC900A24DB1 /* Settings.storyboard */,
				9AA1AC3122FA9BE00000F6D2 /* Public.storyboard */,
				9AA1AC3622FC49420000F6D2 /* Effects.storyboard */,
				9A10200023004035000F36D7 /* Device.storyboard */,
				9A1020122302F38D000F36D7 /* Control.storyboard */,
			);
			path = Storyboard;
			sourceTree = "<group>";
		};
		9A101FFD23003FC8000F36D7 /* Deivce */ = {
			isa = PBXGroup;
			children = (
				9A101FFE23004017000F36D7 /* DeviceListViewController.swift */,
				9A1020062300660E000F36D7 /* DeviceListTableViewCell.swift */,
				9A10200223005CD5000F36D7 /* SearchDeviceViewController.swift */,
				9A10200423005F57000F36D7 /* WIFIListViewController.swift */,
			);
			path = Deivce;
			sourceTree = "<group>";
		};
		9A102008230066AD000F36D7 /* Device */ = {
			isa = PBXGroup;
			children = (
				9A102009230066BF000F36D7 /* DeviceListModel.swift */,
				9A10200B23006703000F36D7 /* DeviceModel.swift */,
			);
			path = Device;
			sourceTree = "<group>";
		};
		9A10200F2302F278000F36D7 /* Control */ = {
			isa = PBXGroup;
			children = (
				9A1020102302F296000F36D7 /* ControlViewController.swift */,
				9A10201423030026000F36D7 /* TouchBarValueView.swift */,
				9A10201623030031000F36D7 /* TouchBarValueView.xib */,
			);
			path = Control;
			sourceTree = "<group>";
		};
		9A3E1E8822F858F700A24DB1 /* Base */ = {
			isa = PBXGroup;
			children = (
				9A3E1E8922F8590500A24DB1 /* BaseViewController.swift */,
				9A3E1E9D22F86DBE00A24DB1 /* BaseNavigationController.swift */,
				9A3E1E9F22F86E4300A24DB1 /* BaseTabBarController.swift */,
			);
			path = Base;
			sourceTree = "<group>";
		};
		9A3E1E8B22F85ACE00A24DB1 /* Vendor */ = {
			isa = PBXGroup;
			children = (
				9A3E1E8C22F85AE300A24DB1 /* Socket */,
			);
			path = Vendor;
			sourceTree = "<group>";
		};
		9A3E1E8C22F85AE300A24DB1 /* Socket */ = {
			isa = PBXGroup;
			children = (
				9A3E1E9222F85AF700A24DB1 /* Result.swift */,
				9A3E1E9322F85AF700A24DB1 /* Socket.swift */,
				9A3E1E9422F85AF700A24DB1 /* SwiftSocket.h */,
				9A3E1E8F22F85AF600A24DB1 /* TCPClient.swift */,
				9A3E1E9122F85AF700A24DB1 /* UDPClient.swift */,
				9A3E1E8E22F85AF600A24DB1 /* ytcpsocket.c */,
				9A3E1E9022F85AF700A24DB1 /* yudpsocket.c */,
				9A3E1E8D22F85AF600A24DB1 /* SmartLight-Bridging-Header.h */,
			);
			path = Socket;
			sourceTree = "<group>";
		};
		9A3E1EA122F8744E00A24DB1 /* Settings */ = {
			isa = PBXGroup;
			children = (
				9A3E1EA222F8752D00A24DB1 /* SettingsTableViewController.swift */,
			);
			path = Settings;
			sourceTree = "<group>";
		};
		9A79F63522F6680F00487DC5 /* Kit */ = {
			isa = PBXGroup;
			children = (
				9A79F63622F6682800487DC5 /* Extension */,
			);
			path = Kit;
			sourceTree = "<group>";
		};
		9A79F63622F6682800487DC5 /* Extension */ = {
			isa = PBXGroup;
			children = (
				9A79F63722F6684E00487DC5 /* Foundation+Extension.swift */,
				9A79F63922F668F100487DC5 /* UIKit+Extension.swift */,
			);
			path = Extension;
			sourceTree = "<group>";
		};
		9A79F63B22F669A300487DC5 /* Res */ = {
			isa = PBXGroup;
			children = (
				9A79F63C22F669BD00487DC5 /* Colors.swift */,
				9A3E1E8022F830A600A24DB1 /* Images.swift */,
				9A79F63E22F66E8600487DC5 /* Dimension.swift */,
				9A3E1E8622F8573300A24DB1 /* Strings.swift */,
				9A3E1E9B22F85C2600A24DB1 /* Arrays.swift */,
			);
			path = Res;
			sourceTree = "<group>";
		};
		9A79F64022F66FE100487DC5 /* View */ = {
			isa = PBXGroup;
			children = (
				9A10200F2302F278000F36D7 /* Control */,
				9A101FFD23003FC8000F36D7 /* Deivce */,
				9A3E1E8822F858F700A24DB1 /* Base */,
				9AA1AC2E22FA997E0000F6D2 /* Public */,
				9A3E1EA122F8744E00A24DB1 /* Settings */,
				9AA1AC3322FC490C0000F6D2 /* Effects */,
				9A79F64122F66FF200487DC5 /* Main */,
			);
			path = View;
			sourceTree = "<group>";
		};
		9A79F64122F66FF200487DC5 /* Main */ = {
			isa = PBXGroup;
			children = (
				9A101B5922F5C9400033E96B /* DashboardViewController.swift */,
				9A101FFB22FDBEDE000F36D7 /* BashboardCollectionViewCell.swift */,
				9A3E1E8222F836C800A24DB1 /* BarValueView.swift */,
				9A3E1E8422F836E500A24DB1 /* BarValueView.xib */,
			);
			path = Main;
			sourceTree = "<group>";
		};
		9AA1AC2E22FA997E0000F6D2 /* Public */ = {
			isa = PBXGroup;
			children = (
				9AA1AC2F22FA9BB60000F6D2 /* DatePickerViewController.swift */,
			);
			path = Public;
			sourceTree = "<group>";
		};
		9AA1AC3322FC490C0000F6D2 /* Effects */ = {
			isa = PBXGroup;
			children = (
				9AA1AC3422FC492B0000F6D2 /* EffectsTableViewController.swift */,
				9AA1AC3822FC60E70000F6D2 /* EffectsSettingTableViewController.swift */,
				9AA1AC3C22FC64C80000F6D2 /* EffectsSettingTableViewCell.swift */,
				9AA1AC3D22FC64C80000F6D2 /* EffectsSettingTableViewCell.xib */,
				9AA1AC4022FC67160000F6D2 /* EffectsSettingBTableViewCell.swift */,
				9AA1AC4122FC67160000F6D2 /* EffectsSettingBTableViewCell.xib */,
				9AA1AC4622FC68870000F6D2 /* EffectsSettingCTableViewCell.swift */,
				9AA1AC4722FC68870000F6D2 /* EffectsSettingCTableViewCell.xib */,
			);
			path = Effects;
			sourceTree = "<group>";
		};
		9AA1AC4A22FD0BAD0000F6D2 /* Model */ = {
			isa = PBXGroup;
			children = (
				9A102008230066AD000F36D7 /* Device */,
				9AA1AC4B22FD0BCD0000F6D2 /* Effects */,
			);
			path = Model;
			sourceTree = "<group>";
		};
		9AA1AC4B22FD0BCD0000F6D2 /* Effects */ = {
			isa = PBXGroup;
			children = (
				9AA1AC4C22FD0C130000F6D2 /* EffectsSettingModel.swift */,
			);
			path = Effects;
			sourceTree = "<group>";
		};
		DF3FE0527742D0EBEA230E37 /* Frameworks */ = {
			isa = PBXGroup;
			children = (
				834B095FA55E32C547267416 /* libPods-SmartLight.a */,
			);
			name = Frameworks;
			sourceTree = "<group>";
		};
/* End PBXGroup section */

/* Begin PBXNativeTarget section */
		9A101B5322F5C9400033E96B /* SmartLight */ = {
			isa = PBXNativeTarget;
			buildConfigurationList = 9A101B7F22F5C9410033E96B /* Build configuration list for PBXNativeTarget "SmartLight" */;
			buildPhases = (
				E9C3FB0B057FD35AA0F58114 /* [CP] Check Pods Manifest.lock */,
				9A101B5022F5C9400033E96B /* Sources */,
				9A101B5122F5C9400033E96B /* Frameworks */,
				9A101B5222F5C9400033E96B /* Resources */,
			);
			buildRules = (
			);
			dependencies = (
			);
			name = SmartLight;
			productName = SmartLight;
			productReference = 9A101B5422F5C9400033E96B /* SmartLight.app */;
			productType = "com.apple.product-type.application";
		};
		9A101B6A22F5C9410033E96B /* SmartLightTests */ = {
			isa = PBXNativeTarget;
			buildConfigurationList = 9A101B8222F5C9410033E96B /* Build configuration list for PBXNativeTarget "SmartLightTests" */;
			buildPhases = (
				9A101B6722F5C9410033E96B /* Sources */,
				9A101B6822F5C9410033E96B /* Frameworks */,
				9A101B6922F5C9410033E96B /* Resources */,
			);
			buildRules = (
			);
			dependencies = (
				9A101B6D22F5C9410033E96B /* PBXTargetDependency */,
			);
			name = SmartLightTests;
			productName = SmartLightTests;
			productReference = 9A101B6B22F5C9410033E96B /* SmartLightTests.xctest */;
			productType = "com.apple.product-type.bundle.unit-test";
		};
		9A101B7522F5C9410033E96B /* SmartLightUITests */ = {
			isa = PBXNativeTarget;
			buildConfigurationList = 9A101B8522F5C9410033E96B /* Build configuration list for PBXNativeTarget "SmartLightUITests" */;
			buildPhases = (
				9A101B7222F5C9410033E96B /* Sources */,
				9A101B7322F5C9410033E96B /* Frameworks */,
				9A101B7422F5C9410033E96B /* Resources */,
			);
			buildRules = (
			);
			dependencies = (
				9A101B7822F5C9410033E96B /* PBXTargetDependency */,
			);
			name = SmartLightUITests;
			productName = SmartLightUITests;
			productReference = 9A101B7622F5C9410033E96B /* SmartLightUITests.xctest */;
			productType = "com.apple.product-type.bundle.ui-testing";
		};
/* End PBXNativeTarget section */

/* Begin PBXProject section */
		9A101B4C22F5C9400033E96B /* Project object */ = {
			isa = PBXProject;
			attributes = {
				LastSwiftUpdateCheck = 1030;
				LastUpgradeCheck = 1030;
				ORGANIZATIONNAME = "PDP-ACC";
				TargetAttributes = {
					9A101B5322F5C9400033E96B = {
						CreatedOnToolsVersion = 10.3;
						LastSwiftMigration = 1030;
					};
					9A101B6A22F5C9410033E96B = {
						CreatedOnToolsVersion = 10.3;
						TestTargetID = 9A101B5322F5C9400033E96B;
					};
					9A101B7522F5C9410033E96B = {
						CreatedOnToolsVersion = 10.3;
						TestTargetID = 9A101B5322F5C9400033E96B;
					};
				};
			};
			buildConfigurationList = 9A101B4F22F5C9400033E96B /* Build configuration list for PBXProject "SmartLight" */;
			compatibilityVersion = "Xcode 9.3";
			developmentRegion = en;
			hasScannedForEncodings = 0;
			knownRegions = (
				en,
				Base,
			);
			mainGroup = 9A101B4B22F5C9400033E96B;
			productRefGroup = 9A101B5522F5C9400033E96B /* Products */;
			projectDirPath = "";
			projectRoot = "";
			targets = (
				9A101B5322F5C9400033E96B /* SmartLight */,
				9A101B6A22F5C9410033E96B /* SmartLightTests */,
				9A101B7522F5C9410033E96B /* SmartLightUITests */,
			);
		};
/* End PBXProject section */

/* Begin PBXResourcesBuildPhase section */
		9A101B5222F5C9400033E96B /* Resources */ = {
			isa = PBXResourcesBuildPhase;
			buildActionMask = 2147483647;
			files = (
				9AA1AC4922FC68870000F6D2 /* EffectsSettingCTableViewCell.xib in Resources */,
				9A101B6522F5C9410033E96B /* LaunchScreen.storyboard in Resources */,
				9AA1AC3F22FC64C80000F6D2 /* EffectsSettingTableViewCell.xib in Resources */,
				9A101B6222F5C9410033E96B /* Assets.xcassets in Resources */,
				9A3E1E8522F836E500A24DB1 /* BarValueView.xib in Resources */,
				9AA1AC4322FC67160000F6D2 /* EffectsSettingBTableViewCell.xib in Resources */,
				9A1020132302F38D000F36D7 /* Control.storyboard in Resources */,
				9A101B5D22F5C9400033E96B /* Main.storyboard in Resources */,
				9AA1AC3722FC49420000F6D2 /* Effects.storyboard in Resources */,
				9A3E1EA522F87CC900A24DB1 /* Settings.storyboard in Resources */,
				9A10201723030031000F36D7 /* TouchBarValueView.xib in Resources */,
				9A10200123004035000F36D7 /* Device.storyboard in Resources */,
				9AA1AC3222FA9BE00000F6D2 /* Public.storyboard in Resources */,
			);
			runOnlyForDeploymentPostprocessing = 0;
		};
		9A101B6922F5C9410033E96B /* Resources */ = {
			isa = PBXResourcesBuildPhase;
			buildActionMask = 2147483647;
			files = (
			);
			runOnlyForDeploymentPostprocessing = 0;
		};
		9A101B7422F5C9410033E96B /* Resources */ = {
			isa = PBXResourcesBuildPhase;
			buildActionMask = 2147483647;
			files = (
			);
			runOnlyForDeploymentPostprocessing = 0;
		};
/* End PBXResourcesBuildPhase section */

/* Begin PBXShellScriptBuildPhase section */
		E9C3FB0B057FD35AA0F58114 /* [CP] Check Pods Manifest.lock */ = {
			isa = PBXShellScriptBuildPhase;
			buildActionMask = 2147483647;
			files = (
			);
			inputFileListPaths = (
			);
			inputPaths = (
				"${PODS_PODFILE_DIR_PATH}/Podfile.lock",
				"${PODS_ROOT}/Manifest.lock",
			);
			name = "[CP] Check Pods Manifest.lock";
			outputFileListPaths = (
			);
			outputPaths = (
				"$(DERIVED_FILE_DIR)/Pods-SmartLight-checkManifestLockResult.txt",
			);
			runOnlyForDeploymentPostprocessing = 0;
			shellPath = /bin/sh;
			shellScript = "diff \"${PODS_PODFILE_DIR_PATH}/Podfile.lock\" \"${PODS_ROOT}/Manifest.lock\" > /dev/null\nif [ $? != 0 ] ; then\n    # print error to STDERR\n    echo \"error: The sandbox is not in sync with the Podfile.lock. Run 'pod install' or update your CocoaPods installation.\" >&2\n    exit 1\nfi\n# This output is used by Xcode 'outputs' to avoid re-running this script phase.\necho \"SUCCESS\" > \"${SCRIPT_OUTPUT_FILE_0}\"\n";
			showEnvVarsInLog = 0;
		};
/* End PBXShellScriptBuildPhase section */

/* Begin PBXSourcesBuildPhase section */
		9A101B5022F5C9400033E96B /* Sources */ = {
			isa = PBXSourcesBuildPhase;
			buildActionMask = 2147483647;
			files = (
				9A3E1E9822F85AF700A24DB1 /* UDPClient.swift in Sources */,
				9A10200A230066BF000F36D7 /* DeviceListModel.swift in Sources */,
				9A10200C23006703000F36D7 /* DeviceModel.swift in Sources */,
				9A10200523005F58000F36D7 /* WIFIListViewController.swift in Sources */,
				9A79F63822F6684E00487DC5 /* Foundation+Extension.swift in Sources */,
				9A79F63D22F669BD00487DC5 /* Colors.swift in Sources */,
				9A3E1E8A22F8590500A24DB1 /* BaseViewController.swift in Sources */,
				9AA1AC3022FA9BB60000F6D2 /* DatePickerViewController.swift in Sources */,
				9A3E1E9A22F85AF700A24DB1 /* Socket.swift in Sources */,
				9AA1AC4222FC67160000F6D2 /* EffectsSettingBTableViewCell.swift in Sources */,
				9AA1AC3522FC492B0000F6D2 /* EffectsTableViewController.swift in Sources */,
				9AA1AC3922FC60E70000F6D2 /* EffectsSettingTableViewController.swift in Sources */,
				9AA1AC3E22FC64C80000F6D2 /* EffectsSettingTableViewCell.swift in Sources */,
				9A3E1E9622F85AF700A24DB1 /* TCPClient.swift in Sources */,
				9A3E1E9E22F86DBE00A24DB1 /* BaseNavigationController.swift in Sources */,
				9A3E1E8722F8573300A24DB1 /* Strings.swift in Sources */,
				9A3E1E9922F85AF700A24DB1 /* Result.swift in Sources */,
				9A101B6022F5C9400033E96B /* SmartLight.xcdatamodeld in Sources */,
				9A3E1E9722F85AF700A24DB1 /* yudpsocket.c in Sources */,
				9A101B5A22F5C9400033E96B /* DashboardViewController.swift in Sources */,
				9A10201523030026000F36D7 /* TouchBarValueView.swift in Sources */,
				9A3E1EA022F86E4300A24DB1 /* BaseTabBarController.swift in Sources */,
				9A79F63F22F66E8600487DC5 /* Dimension.swift in Sources */,
				9A1020112302F296000F36D7 /* ControlViewController.swift in Sources */,
				9A3E1E8122F830A600A24DB1 /* Images.swift in Sources */,
				9A10200323005CD5000F36D7 /* SearchDeviceViewController.swift in Sources */,
				9A3E1E9C22F85C2600A24DB1 /* Arrays.swift in Sources */,
				9A3E1E8322F836C800A24DB1 /* BarValueView.swift in Sources */,
				9A101B5822F5C9400033E96B /* AppDelegate.swift in Sources */,
				9AA1AC4D22FD0C130000F6D2 /* EffectsSettingModel.swift in Sources */,
				9AA1AC4822FC68870000F6D2 /* EffectsSettingCTableViewCell.swift in Sources */,
				9A3E1E9522F85AF700A24DB1 /* ytcpsocket.c in Sources */,
				9A101FFF23004017000F36D7 /* DeviceListViewController.swift in Sources */,
				9A79F63A22F668F100487DC5 /* UIKit+Extension.swift in Sources */,
				9A101FFC22FDBEDE000F36D7 /* BashboardCollectionViewCell.swift in Sources */,
				9A3E1EA322F8752D00A24DB1 /* SettingsTableViewController.swift in Sources */,
				9A1020072300660E000F36D7 /* DeviceListTableViewCell.swift in Sources */,
			);
			runOnlyForDeploymentPostprocessing = 0;
		};
		9A101B6722F5C9410033E96B /* Sources */ = {
			isa = PBXSourcesBuildPhase;
			buildActionMask = 2147483647;
			files = (
				9A101B7022F5C9410033E96B /* SmartLightTests.swift in Sources */,
			);
			runOnlyForDeploymentPostprocessing = 0;
		};
		9A101B7222F5C9410033E96B /* Sources */ = {
			isa = PBXSourcesBuildPhase;
			buildActionMask = 2147483647;
			files = (
				9A101B7B22F5C9410033E96B /* SmartLightUITests.swift in Sources */,
			);
			runOnlyForDeploymentPostprocessing = 0;
		};
/* End PBXSourcesBuildPhase section */

/* Begin PBXTargetDependency section */
		9A101B6D22F5C9410033E96B /* PBXTargetDependency */ = {
			isa = PBXTargetDependency;
			target = 9A101B5322F5C9400033E96B /* SmartLight */;
			targetProxy = 9A101B6C22F5C9410033E96B /* PBXContainerItemProxy */;
		};
		9A101B7822F5C9410033E96B /* PBXTargetDependency */ = {
			isa = PBXTargetDependency;
			target = 9A101B5322F5C9400033E96B /* SmartLight */;
			targetProxy = 9A101B7722F5C9410033E96B /* PBXContainerItemProxy */;
		};
/* End PBXTargetDependency section */

/* Begin PBXVariantGroup section */
		9A101B5B22F5C9400033E96B /* Main.storyboard */ = {
			isa = PBXVariantGroup;
			children = (
				9A101B5C22F5C9400033E96B /* Base */,
			);
			name = Main.storyboard;
			sourceTree = "<group>";
		};
		9A101B6322F5C9410033E96B /* LaunchScreen.storyboard */ = {
			isa = PBXVariantGroup;
			children = (
				9A101B6422F5C9410033E96B /* Base */,
			);
			name = LaunchScreen.storyboard;
			sourceTree = "<group>";
		};
/* End PBXVariantGroup section */

/* Begin XCBuildConfiguration section */
		9A101B7D22F5C9410033E96B /* Debug */ = {
			isa = XCBuildConfiguration;
			buildSettings = {
				ALWAYS_SEARCH_USER_PATHS = NO;
				CLANG_ANALYZER_NONNULL = YES;
				CLANG_ANALYZER_NUMBER_OBJECT_CONVERSION = YES_AGGRESSIVE;
				CLANG_CXX_LANGUAGE_STANDARD = "gnu++14";
				CLANG_CXX_LIBRARY = "libc++";
				CLANG_ENABLE_MODULES = YES;
				CLANG_ENABLE_OBJC_ARC = YES;
				CLANG_ENABLE_OBJC_WEAK = YES;
				CLANG_WARN_BLOCK_CAPTURE_AUTORELEASING = YES;
				CLANG_WARN_BOOL_CONVERSION = YES;
				CLANG_WARN_COMMA = YES;
				CLANG_WARN_CONSTANT_CONVERSION = YES;
				CLANG_WARN_DEPRECATED_OBJC_IMPLEMENTATIONS = YES;
				CLANG_WARN_DIRECT_OBJC_ISA_USAGE = YES_ERROR;
				CLANG_WARN_DOCUMENTATION_COMMENTS = YES;
				CLANG_WARN_EMPTY_BODY = YES;
				CLANG_WARN_ENUM_CONVERSION = YES;
				CLANG_WARN_INFINITE_RECURSION = YES;
				CLANG_WARN_INT_CONVERSION = YES;
				CLANG_WARN_NON_LITERAL_NULL_CONVERSION = YES;
				CLANG_WARN_OBJC_IMPLICIT_RETAIN_SELF = YES;
				CLANG_WARN_OBJC_LITERAL_CONVERSION = YES;
				CLANG_WARN_OBJC_ROOT_CLASS = YES_ERROR;
				CLANG_WARN_RANGE_LOOP_ANALYSIS = YES;
				CLANG_WARN_STRICT_PROTOTYPES = YES;
				CLANG_WARN_SUSPICIOUS_MOVE = YES;
				CLANG_WARN_UNGUARDED_AVAILABILITY = YES_AGGRESSIVE;
				CLANG_WARN_UNREACHABLE_CODE = YES;
				CLANG_WARN__DUPLICATE_METHOD_MATCH = YES;
				CODE_SIGN_IDENTITY = "iPhone Developer";
				COPY_PHASE_STRIP = NO;
				DEBUG_INFORMATION_FORMAT = dwarf;
				ENABLE_STRICT_OBJC_MSGSEND = YES;
				ENABLE_TESTABILITY = YES;
				GCC_C_LANGUAGE_STANDARD = gnu11;
				GCC_DYNAMIC_NO_PIC = NO;
				GCC_NO_COMMON_BLOCKS = YES;
				GCC_OPTIMIZATION_LEVEL = 0;
				GCC_PREPROCESSOR_DEFINITIONS = (
					"DEBUG=1",
					"$(inherited)",
				);
				GCC_WARN_64_TO_32_BIT_CONVERSION = YES;
				GCC_WARN_ABOUT_RETURN_TYPE = YES_ERROR;
				GCC_WARN_UNDECLARED_SELECTOR = YES;
				GCC_WARN_UNINITIALIZED_AUTOS = YES_AGGRESSIVE;
				GCC_WARN_UNUSED_FUNCTION = YES;
				GCC_WARN_UNUSED_VARIABLE = YES;
				IPHONEOS_DEPLOYMENT_TARGET = 12.4;
				MTL_ENABLE_DEBUG_INFO = INCLUDE_SOURCE;
				MTL_FAST_MATH = YES;
				ONLY_ACTIVE_ARCH = YES;
				SDKROOT = iphoneos;
				SWIFT_ACTIVE_COMPILATION_CONDITIONS = DEBUG;
				SWIFT_OPTIMIZATION_LEVEL = "-Onone";
			};
			name = Debug;
		};
		9A101B7E22F5C9410033E96B /* Release */ = {
			isa = XCBuildConfiguration;
			buildSettings = {
				ALWAYS_SEARCH_USER_PATHS = NO;
				CLANG_ANALYZER_NONNULL = YES;
				CLANG_ANALYZER_NUMBER_OBJECT_CONVERSION = YES_AGGRESSIVE;
				CLANG_CXX_LANGUAGE_STANDARD = "gnu++14";
				CLANG_CXX_LIBRARY = "libc++";
				CLANG_ENABLE_MODULES = YES;
				CLANG_ENABLE_OBJC_ARC = YES;
				CLANG_ENABLE_OBJC_WEAK = YES;
				CLANG_WARN_BLOCK_CAPTURE_AUTORELEASING = YES;
				CLANG_WARN_BOOL_CONVERSION = YES;
				CLANG_WARN_COMMA = YES;
				CLANG_WARN_CONSTANT_CONVERSION = YES;
				CLANG_WARN_DEPRECATED_OBJC_IMPLEMENTATIONS = YES;
				CLANG_WARN_DIRECT_OBJC_ISA_USAGE = YES_ERROR;
				CLANG_WARN_DOCUMENTATION_COMMENTS = YES;
				CLANG_WARN_EMPTY_BODY = YES;
				CLANG_WARN_ENUM_CONVERSION = YES;
				CLANG_WARN_INFINITE_RECURSION = YES;
				CLANG_WARN_INT_CONVERSION = YES;
				CLANG_WARN_NON_LITERAL_NULL_CONVERSION = YES;
				CLANG_WARN_OBJC_IMPLICIT_RETAIN_SELF = YES;
				CLANG_WARN_OBJC_LITERAL_CONVERSION = YES;
				CLANG_WARN_OBJC_ROOT_CLASS = YES_ERROR;
				CLANG_WARN_RANGE_LOOP_ANALYSIS = YES;
				CLANG_WARN_STRICT_PROTOTYPES = YES;
				CLANG_WARN_SUSPICIOUS_MOVE = YES;
				CLANG_WARN_UNGUARDED_AVAILABILITY = YES_AGGRESSIVE;
				CLANG_WARN_UNREACHABLE_CODE = YES;
				CLANG_WARN__DUPLICATE_METHOD_MATCH = YES;
				CODE_SIGN_IDENTITY = "iPhone Developer";
				COPY_PHASE_STRIP = NO;
				DEBUG_INFORMATION_FORMAT = "dwarf-with-dsym";
				ENABLE_NS_ASSERTIONS = NO;
				ENABLE_STRICT_OBJC_MSGSEND = YES;
				GCC_C_LANGUAGE_STANDARD = gnu11;
				GCC_NO_COMMON_BLOCKS = YES;
				GCC_WARN_64_TO_32_BIT_CONVERSION = YES;
				GCC_WARN_ABOUT_RETURN_TYPE = YES_ERROR;
				GCC_WARN_UNDECLARED_SELECTOR = YES;
				GCC_WARN_UNINITIALIZED_AUTOS = YES_AGGRESSIVE;
				GCC_WARN_UNUSED_FUNCTION = YES;
				GCC_WARN_UNUSED_VARIABLE = YES;
				IPHONEOS_DEPLOYMENT_TARGET = 12.4;
				MTL_ENABLE_DEBUG_INFO = NO;
				MTL_FAST_MATH = YES;
				SDKROOT = iphoneos;
				SWIFT_COMPILATION_MODE = wholemodule;
				SWIFT_OPTIMIZATION_LEVEL = "-O";
				VALIDATE_PRODUCT = YES;
			};
			name = Release;
		};
		9A101B8022F5C9410033E96B /* Debug */ = {
			isa = XCBuildConfiguration;
			baseConfigurationReference = 7FEBEBB733C700359B9854BE /* Pods-SmartLight.debug.xcconfig */;
			buildSettings = {
				ASSETCATALOG_COMPILER_APPICON_NAME = AppIcon;
				CLANG_ENABLE_MODULES = YES;
				CODE_SIGN_STYLE = Automatic;
				DEVELOPMENT_TEAM = BVL93LPC7F;
				INFOPLIST_FILE = SmartLight/Info.plist;
				IPHONEOS_DEPLOYMENT_TARGET = 9.0;
				LD_RUNPATH_SEARCH_PATHS = (
					"$(inherited)",
					"@executable_path/Frameworks",
				);
				PRODUCT_BUNDLE_IDENTIFIER = com.anker.SmartLight;
				PRODUCT_NAME = "$(TARGET_NAME)";
				SWIFT_OBJC_BRIDGING_HEADER = "SmartLight/Vendor/Socket/SmartLight-Bridging-Header.h";
				SWIFT_OPTIMIZATION_LEVEL = "-Onone";
				SWIFT_VERSION = 5.0;
				TARGETED_DEVICE_FAMILY = "1,2";
			};
			name = Debug;
		};
		9A101B8122F5C9410033E96B /* Release */ = {
			isa = XCBuildConfiguration;
			baseConfigurationReference = CD261D01D98AF10D7C326555 /* Pods-SmartLight.release.xcconfig */;
			buildSettings = {
				ASSETCATALOG_COMPILER_APPICON_NAME = AppIcon;
				CLANG_ENABLE_MODULES = YES;
				CODE_SIGN_STYLE = Automatic;
				DEVELOPMENT_TEAM = BVL93LPC7F;
				INFOPLIST_FILE = SmartLight/Info.plist;
				IPHONEOS_DEPLOYMENT_TARGET = 9.0;
				LD_RUNPATH_SEARCH_PATHS = (
					"$(inherited)",
					"@executable_path/Frameworks",
				);
				PRODUCT_BUNDLE_IDENTIFIER = com.anker.SmartLight;
				PRODUCT_NAME = "$(TARGET_NAME)";
				SWIFT_OBJC_BRIDGING_HEADER = "SmartLight/Vendor/Socket/SmartLight-Bridging-Header.h";
				SWIFT_VERSION = 5.0;
				TARGETED_DEVICE_FAMILY = "1,2";
			};
			name = Release;
		};
		9A101B8322F5C9410033E96B /* Debug */ = {
			isa = XCBuildConfiguration;
			buildSettings = {
				ALWAYS_EMBED_SWIFT_STANDARD_LIBRARIES = YES;
				BUNDLE_LOADER = "$(TEST_HOST)";
				CODE_SIGN_STYLE = Automatic;
				DEVELOPMENT_TEAM = BVL93LPC7F;
				INFOPLIST_FILE = SmartLightTests/Info.plist;
				LD_RUNPATH_SEARCH_PATHS = (
					"$(inherited)",
					"@executable_path/Frameworks",
					"@loader_path/Frameworks",
				);
				PRODUCT_BUNDLE_IDENTIFIER = com.anker.SmartLightTests;
				PRODUCT_NAME = "$(TARGET_NAME)";
				SWIFT_VERSION = 5.0;
				TARGETED_DEVICE_FAMILY = "1,2";
				TEST_HOST = "$(BUILT_PRODUCTS_DIR)/SmartLight.app/SmartLight";
			};
			name = Debug;
		};
		9A101B8422F5C9410033E96B /* Release */ = {
			isa = XCBuildConfiguration;
			buildSettings = {
				ALWAYS_EMBED_SWIFT_STANDARD_LIBRARIES = YES;
				BUNDLE_LOADER = "$(TEST_HOST)";
				CODE_SIGN_STYLE = Automatic;
				DEVELOPMENT_TEAM = BVL93LPC7F;
				INFOPLIST_FILE = SmartLightTests/Info.plist;
				LD_RUNPATH_SEARCH_PATHS = (
					"$(inherited)",
					"@executable_path/Frameworks",
					"@loader_path/Frameworks",
				);
				PRODUCT_BUNDLE_IDENTIFIER = com.anker.SmartLightTests;
				PRODUCT_NAME = "$(TARGET_NAME)";
				SWIFT_VERSION = 5.0;
				TARGETED_DEVICE_FAMILY = "1,2";
				TEST_HOST = "$(BUILT_PRODUCTS_DIR)/SmartLight.app/SmartLight";
			};
			name = Release;
		};
		9A101B8622F5C9410033E96B /* Debug */ = {
			isa = XCBuildConfiguration;
			buildSettings = {
				ALWAYS_EMBED_SWIFT_STANDARD_LIBRARIES = YES;
				CODE_SIGN_STYLE = Automatic;
				DEVELOPMENT_TEAM = BVL93LPC7F;
				INFOPLIST_FILE = SmartLightUITests/Info.plist;
				LD_RUNPATH_SEARCH_PATHS = (
					"$(inherited)",
					"@executable_path/Frameworks",
					"@loader_path/Frameworks",
				);
				PRODUCT_BUNDLE_IDENTIFIER = com.anker.SmartLightUITests;
				PRODUCT_NAME = "$(TARGET_NAME)";
				SWIFT_VERSION = 5.0;
				TARGETED_DEVICE_FAMILY = "1,2";
				TEST_TARGET_NAME = SmartLight;
			};
			name = Debug;
		};
		9A101B8722F5C9410033E96B /* Release */ = {
			isa = XCBuildConfiguration;
			buildSettings = {
				ALWAYS_EMBED_SWIFT_STANDARD_LIBRARIES = YES;
				CODE_SIGN_STYLE = Automatic;
				DEVELOPMENT_TEAM = BVL93LPC7F;
				INFOPLIST_FILE = SmartLightUITests/Info.plist;
				LD_RUNPATH_SEARCH_PATHS = (
					"$(inherited)",
					"@executable_path/Frameworks",
					"@loader_path/Frameworks",
				);
				PRODUCT_BUNDLE_IDENTIFIER = com.anker.SmartLightUITests;
				PRODUCT_NAME = "$(TARGET_NAME)";
				SWIFT_VERSION = 5.0;
				TARGETED_DEVICE_FAMILY = "1,2";
				TEST_TARGET_NAME = SmartLight;
			};
			name = Release;
		};
/* End XCBuildConfiguration section */

/* Begin XCConfigurationList section */
		9A101B4F22F5C9400033E96B /* Build configuration list for PBXProject "SmartLight" */ = {
			isa = XCConfigurationList;
			buildConfigurations = (
				9A101B7D22F5C9410033E96B /* Debug */,
				9A101B7E22F5C9410033E96B /* Release */,
			);
			defaultConfigurationIsVisible = 0;
			defaultConfigurationName = Release;
		};
		9A101B7F22F5C9410033E96B /* Build configuration list for PBXNativeTarget "SmartLight" */ = {
			isa = XCConfigurationList;
			buildConfigurations = (
				9A101B8022F5C9410033E96B /* Debug */,
				9A101B8122F5C9410033E96B /* Release */,
			);
			defaultConfigurationIsVisible = 0;
			defaultConfigurationName = Release;
		};
		9A101B8222F5C9410033E96B /* Build configuration list for PBXNativeTarget "SmartLightTests" */ = {
			isa = XCConfigurationList;
			buildConfigurations = (
				9A101B8322F5C9410033E96B /* Debug */,
				9A101B8422F5C9410033E96B /* Release */,
			);
			defaultConfigurationIsVisible = 0;
			defaultConfigurationName = Release;
		};
		9A101B8522F5C9410033E96B /* Build configuration list for PBXNativeTarget "SmartLightUITests" */ = {
			isa = XCConfigurationList;
			buildConfigurations = (
				9A101B8622F5C9410033E96B /* Debug */,
				9A101B8722F5C9410033E96B /* Release */,
			);
			defaultConfigurationIsVisible = 0;
			defaultConfigurationName = Release;
		};
/* End XCConfigurationList section */

/* Begin XCVersionGroup section */
		9A101B5E22F5C9400033E96B /* SmartLight.xcdatamodeld */ = {
			isa = XCVersionGroup;
			children = (
				9A101B5F22F5C9400033E96B /* SmartLight.xcdatamodel */,
			);
			currentVersion = 9A101B5F22F5C9400033E96B /* SmartLight.xcdatamodel */;
			path = SmartLight.xcdatamodeld;
			sourceTree = "<group>";
			versionGroupType = wrapper.xcdatamodel;
		};
/* End XCVersionGroup section */
	};
	rootObject = 9A101B4C22F5C9400033E96B /* Project object */;
}
