// !$*UTF8*$!
{
	archiveVersion = 1;
	classes = {
	};
	objectVersion = 51;
	objects = {

/* Begin PBXBuildFile section */
		1B8223FB1A9FCBD06FCF3644 /* Pods_SmartLight.framework in Frameworks */ = {isa = PBXBuildFile; fileRef = 3F64C10D86EFF1C7BC7DD516 /* Pods_SmartLight.framework */; };
		9A083AD02379625B0018D54D /* Localizable.strings in Resources */ = {isa = PBXBuildFile; fileRef = 9A083AD22379625B0018D54D /* Localizable.strings */; };
		9A083AD52379803D0018D54D /* CurrentLightValueManager.swift in Sources */ = {isa = PBXBuildFile; fileRef = 9A083AD42379803D0018D54D /* CurrentLightValueManager.swift */; };
		9A083ADF237C34920018D54D /* TableViewHeadView.swift in Sources */ = {isa = PBXBuildFile; fileRef = 9A083ADE237C34920018D54D /* TableViewHeadView.swift */; };
		9A083AE1237C5C6D0018D54D /* FanTableViewController.swift in Sources */ = {isa = PBXBuildFile; fileRef = 9A083AE0237C5C6D0018D54D /* FanTableViewController.swift */; };
		9A083AE3237C5C8A0018D54D /* Fan.swift in Sources */ = {isa = PBXBuildFile; fileRef = 9A083AE2237C5C8A0018D54D /* Fan.swift */; };
		9A083AE5237C5DE70018D54D /* TableViewHeaderView.swift in Sources */ = {isa = PBXBuildFile; fileRef = 9A083AE4237C5DE70018D54D /* TableViewHeaderView.swift */; };
		9A101B5822F5C9400033E96B /* AppDelegate.swift in Sources */ = {isa = PBXBuildFile; fileRef = 9A101B5722F5C9400033E96B /* AppDelegate.swift */; };
		9A101B5A22F5C9400033E96B /* DashboardViewController.swift in Sources */ = {isa = PBXBuildFile; fileRef = 9A101B5922F5C9400033E96B /* DashboardViewController.swift */; };
		9A101B5D22F5C9400033E96B /* Main.storyboard in Resources */ = {isa = PBXBuildFile; fileRef = 9A101B5B22F5C9400033E96B /* Main.storyboard */; };
		9A101B6022F5C9400033E96B /* SmartLight.xcdatamodeld in Sources */ = {isa = PBXBuildFile; fileRef = 9A101B5E22F5C9400033E96B /* SmartLight.xcdatamodeld */; };
		9A101B6222F5C9410033E96B /* Assets.xcassets in Resources */ = {isa = PBXBuildFile; fileRef = 9A101B6122F5C9410033E96B /* Assets.xcassets */; };
		9A101B6522F5C9410033E96B /* LaunchScreen.storyboard in Resources */ = {isa = PBXBuildFile; fileRef = 9A101B6322F5C9410033E96B /* LaunchScreen.storyboard */; };
		9A101B7022F5C9410033E96B /* SmartLightTests.swift in Sources */ = {isa = PBXBuildFile; fileRef = 9A101B6F22F5C9410033E96B /* SmartLightTests.swift */; };
		9A101B7B22F5C9410033E96B /* SmartLightUITests.swift in Sources */ = {isa = PBXBuildFile; fileRef = 9A101B7A22F5C9410033E96B /* SmartLightUITests.swift */; };
		9A101FFC22FDBEDE000F36D7 /* BashboardCollectionViewCell.swift in Sources */ = {isa = PBXBuildFile; fileRef = 9A101FFB22FDBEDE000F36D7 /* BashboardCollectionViewCell.swift */; };
		9A101FFF23004017000F36D7 /* DeviceListViewController.swift in Sources */ = {isa = PBXBuildFile; fileRef = 9A101FFE23004017000F36D7 /* DeviceListViewController.swift */; };
		9A10200123004035000F36D7 /* Device.storyboard in Resources */ = {isa = PBXBuildFile; fileRef = 9A10200023004035000F36D7 /* Device.storyboard */; };
		9A10200323005CD5000F36D7 /* SearchDeviceViewController.swift in Sources */ = {isa = PBXBuildFile; fileRef = 9A10200223005CD5000F36D7 /* SearchDeviceViewController.swift */; };
		9A10200523005F58000F36D7 /* WIFIListViewController.swift in Sources */ = {isa = PBXBuildFile; fileRef = 9A10200423005F57000F36D7 /* WIFIListViewController.swift */; };
		9A1020072300660E000F36D7 /* DeviceListTableViewCell.swift in Sources */ = {isa = PBXBuildFile; fileRef = 9A1020062300660E000F36D7 /* DeviceListTableViewCell.swift */; };
		9A10200A230066BF000F36D7 /* DeviceListModel.swift in Sources */ = {isa = PBXBuildFile; fileRef = 9A102009230066BF000F36D7 /* DeviceListModel.swift */; };
		9A10200C23006703000F36D7 /* DeviceModel.swift in Sources */ = {isa = PBXBuildFile; fileRef = 9A10200B23006703000F36D7 /* DeviceModel.swift */; };
		9A1020112302F296000F36D7 /* ControlViewController.swift in Sources */ = {isa = PBXBuildFile; fileRef = 9A1020102302F296000F36D7 /* ControlViewController.swift */; };
		9A1020132302F38D000F36D7 /* Control.storyboard in Resources */ = {isa = PBXBuildFile; fileRef = 9A1020122302F38D000F36D7 /* Control.storyboard */; };
		9A10201523030026000F36D7 /* TouchBarValueView.swift in Sources */ = {isa = PBXBuildFile; fileRef = 9A10201423030026000F36D7 /* TouchBarValueView.swift */; };
		9A10201723030031000F36D7 /* TouchBarValueView.xib in Resources */ = {isa = PBXBuildFile; fileRef = 9A10201623030031000F36D7 /* TouchBarValueView.xib */; };
		9A1020202303D26C000F36D7 /* LBXScanViewController.swift in Sources */ = {isa = PBXBuildFile; fileRef = 9A1020192303D26C000F36D7 /* LBXScanViewController.swift */; };
		9A1020212303D26C000F36D7 /* LBXScanView.swift in Sources */ = {isa = PBXBuildFile; fileRef = 9A10201A2303D26C000F36D7 /* LBXScanView.swift */; };
		9A1020222303D26C000F36D7 /* LBXScanNetAnimation.swift in Sources */ = {isa = PBXBuildFile; fileRef = 9A10201B2303D26C000F36D7 /* LBXScanNetAnimation.swift */; };
		9A1020232303D26C000F36D7 /* LBXScanWrapper.swift in Sources */ = {isa = PBXBuildFile; fileRef = 9A10201C2303D26C000F36D7 /* LBXScanWrapper.swift */; };
		9A1020242303D26C000F36D7 /* LBXScanLineAnimation.swift in Sources */ = {isa = PBXBuildFile; fileRef = 9A10201D2303D26C000F36D7 /* LBXScanLineAnimation.swift */; };
		9A1020252303D26C000F36D7 /* LBXScanViewStyle.swift in Sources */ = {isa = PBXBuildFile; fileRef = 9A10201E2303D26C000F36D7 /* LBXScanViewStyle.swift */; };
		9A1020262303D26C000F36D7 /* LBXPermissions.swift in Sources */ = {isa = PBXBuildFile; fileRef = 9A10201F2303D26C000F36D7 /* LBXPermissions.swift */; };
		9A1020282303D506000F36D7 /* CodeScan.bundle in Resources */ = {isa = PBXBuildFile; fileRef = 9A1020272303D506000F36D7 /* CodeScan.bundle */; };
		9A1D8E2C2316C88F000FEBEC /* TopView.swift in Sources */ = {isa = PBXBuildFile; fileRef = 9A1D8E2B2316C88F000FEBEC /* TopView.swift */; };
		9A211CEF2325317600C36FC2 /* ESP_CRC8.m in Sources */ = {isa = PBXBuildFile; fileRef = 9A211CD12325317400C36FC2 /* ESP_CRC8.m */; };
		9A211CF02325317600C36FC2 /* ESPTouchResult.m in Sources */ = {isa = PBXBuildFile; fileRef = 9A211CD42325317400C36FC2 /* ESPTouchResult.m */; };
		9A211CF12325317600C36FC2 /* ESPDatumCode.m in Sources */ = {isa = PBXBuildFile; fileRef = 9A211CD52325317500C36FC2 /* ESPDatumCode.m */; };
		9A211CF22325317600C36FC2 /* ESP_ByteUtil.m in Sources */ = {isa = PBXBuildFile; fileRef = 9A211CD92325317500C36FC2 /* ESP_ByteUtil.m */; };
		9A211CF32325317600C36FC2 /* ESPGuideCode.m in Sources */ = {isa = PBXBuildFile; fileRef = 9A211CDB2325317500C36FC2 /* ESPGuideCode.m */; };
		9A211CF42325317600C36FC2 /* ESPTouchTaskParameter.m in Sources */ = {isa = PBXBuildFile; fileRef = 9A211CDC2325317500C36FC2 /* ESPTouchTaskParameter.m */; };
		9A211CF52325317600C36FC2 /* ESPTouchGenerator.m in Sources */ = {isa = PBXBuildFile; fileRef = 9A211CDE2325317500C36FC2 /* ESPTouchGenerator.m */; };
		9A211CF62325317600C36FC2 /* ESP_NetUtil.m in Sources */ = {isa = PBXBuildFile; fileRef = 9A211CDF2325317500C36FC2 /* ESP_NetUtil.m */; };
		9A211CF72325317600C36FC2 /* ESPUDPSocketClient.m in Sources */ = {isa = PBXBuildFile; fileRef = 9A211CE02325317500C36FC2 /* ESPUDPSocketClient.m */; };
		9A211CF82325317600C36FC2 /* ESP_WifiUtil.m in Sources */ = {isa = PBXBuildFile; fileRef = 9A211CE12325317500C36FC2 /* ESP_WifiUtil.m */; };
		9A211CF92325317600C36FC2 /* ESPDataCode.m in Sources */ = {isa = PBXBuildFile; fileRef = 9A211CE62325317600C36FC2 /* ESPDataCode.m */; };
		9A211CFA2325317600C36FC2 /* ESPTouchTask.m in Sources */ = {isa = PBXBuildFile; fileRef = 9A211CE72325317600C36FC2 /* ESPTouchTask.m */; };
		9A211CFB2325317600C36FC2 /* ESPUDPSocketServer.m in Sources */ = {isa = PBXBuildFile; fileRef = 9A211CEA2325317600C36FC2 /* ESPUDPSocketServer.m */; };
		9A211CFC2325317600C36FC2 /* ESPAES.m in Sources */ = {isa = PBXBuildFile; fileRef = 9A211CEC2325317600C36FC2 /* ESPAES.m */; };
		9A211CFF2325320C00C36FC2 /* ESPController.m in Sources */ = {isa = PBXBuildFile; fileRef = 9A211CFD2325320B00C36FC2 /* ESPController.m */; };
		9A311C08238FB4640099EC02 /* ESPTools.m in Sources */ = {isa = PBXBuildFile; fileRef = 9A311C06238FB4640099EC02 /* ESPTools.m */; };
		9A311C0A238FEE6E0099EC02 /* MCLocation.swift in Sources */ = {isa = PBXBuildFile; fileRef = 9A311C09238FEE6E0099EC02 /* MCLocation.swift */; };
		9A3E1E8122F830A600A24DB1 /* Images.swift in Sources */ = {isa = PBXBuildFile; fileRef = 9A3E1E8022F830A600A24DB1 /* Images.swift */; };
		9A3E1E8322F836C800A24DB1 /* BarValueView.swift in Sources */ = {isa = PBXBuildFile; fileRef = 9A3E1E8222F836C800A24DB1 /* BarValueView.swift */; };
		9A3E1E8522F836E500A24DB1 /* BarValueView.xib in Resources */ = {isa = PBXBuildFile; fileRef = 9A3E1E8422F836E500A24DB1 /* BarValueView.xib */; };
		9A3E1E8722F8573300A24DB1 /* Strings.swift in Sources */ = {isa = PBXBuildFile; fileRef = 9A3E1E8622F8573300A24DB1 /* Strings.swift */; };
		9A3E1E8A22F8590500A24DB1 /* BaseViewController.swift in Sources */ = {isa = PBXBuildFile; fileRef = 9A3E1E8922F8590500A24DB1 /* BaseViewController.swift */; };
		9A3E1E9C22F85C2600A24DB1 /* Arrays.swift in Sources */ = {isa = PBXBuildFile; fileRef = 9A3E1E9B22F85C2600A24DB1 /* Arrays.swift */; };
		9A3E1E9E22F86DBE00A24DB1 /* BaseNavigationController.swift in Sources */ = {isa = PBXBuildFile; fileRef = 9A3E1E9D22F86DBE00A24DB1 /* BaseNavigationController.swift */; };
		9A3E1EA022F86E4300A24DB1 /* BaseTabBarController.swift in Sources */ = {isa = PBXBuildFile; fileRef = 9A3E1E9F22F86E4300A24DB1 /* BaseTabBarController.swift */; };
		9A3E1EA322F8752D00A24DB1 /* SettingsTableViewController.swift in Sources */ = {isa = PBXBuildFile; fileRef = 9A3E1EA222F8752D00A24DB1 /* SettingsTableViewController.swift */; };
		9A3E1EA522F87CC900A24DB1 /* Settings.storyboard in Resources */ = {isa = PBXBuildFile; fileRef = 9A3E1EA422F87CC900A24DB1 /* Settings.storyboard */; };
		9A46AD4223AA7571004C6D32 /* Reachability.swift in Sources */ = {isa = PBXBuildFile; fileRef = 9A46AD4123AA7571004C6D32 /* Reachability.swift */; };
		9A5B7EEF230446D30099E3A9 /* PatternModel.swift in Sources */ = {isa = PBXBuildFile; fileRef = 9A5B7EEE230446D30099E3A9 /* PatternModel.swift */; };
		9A5B7EF12304553A0099E3A9 /* PresetViewController.swift in Sources */ = {isa = PBXBuildFile; fileRef = 9A5B7EF02304553A0099E3A9 /* PresetViewController.swift */; };
		9A5B7EF3230457050099E3A9 /* PatternListModel.swift in Sources */ = {isa = PBXBuildFile; fileRef = 9A5B7EF2230457050099E3A9 /* PatternListModel.swift */; };
		9A5B7EF52304586C0099E3A9 /* PresetTableViewCell.swift in Sources */ = {isa = PBXBuildFile; fileRef = 9A5B7EF42304586C0099E3A9 /* PresetTableViewCell.swift */; };
		9A5B7EF72305ABEF0099E3A9 /* OTAViewController.swift in Sources */ = {isa = PBXBuildFile; fileRef = 9A5B7EF62305ABEF0099E3A9 /* OTAViewController.swift */; };
		9A5B7EF92307E9940099E3A9 /* Acclimation.swift in Sources */ = {isa = PBXBuildFile; fileRef = 9A5B7EF82307E9930099E3A9 /* Acclimation.swift */; };
		9A5B7EFD2307EFA70099E3A9 /* LightningTableViewController.swift in Sources */ = {isa = PBXBuildFile; fileRef = 9A5B7EFA2307EFA60099E3A9 /* LightningTableViewController.swift */; };
		9A5B7EFE2307EFA70099E3A9 /* LunnarTableViewController.swift in Sources */ = {isa = PBXBuildFile; fileRef = 9A5B7EFB2307EFA60099E3A9 /* LunnarTableViewController.swift */; };
		9A5B7EFF2307EFA70099E3A9 /* CloudyTableViewController.swift in Sources */ = {isa = PBXBuildFile; fileRef = 9A5B7EFC2307EFA70099E3A9 /* CloudyTableViewController.swift */; };
		9A5B7F012307F7800099E3A9 /* AcclimationTableViewController.swift in Sources */ = {isa = PBXBuildFile; fileRef = 9A5B7F002307F7800099E3A9 /* AcclimationTableViewController.swift */; };
		9A5B7F032308FC440099E3A9 /* TimePickerViewController.swift in Sources */ = {isa = PBXBuildFile; fileRef = 9A5B7F022308FC440099E3A9 /* TimePickerViewController.swift */; };
		9A5B7F05230965870099E3A9 /* Kit.swift in Sources */ = {isa = PBXBuildFile; fileRef = 9A5B7F04230965860099E3A9 /* Kit.swift */; };
		9A5B7F0723097C540099E3A9 /* CustomPickerViewController.swift in Sources */ = {isa = PBXBuildFile; fileRef = 9A5B7F0623097C540099E3A9 /* CustomPickerViewController.swift */; };
		9A5B7F0923098FE30099E3A9 /* Lunnar.swift in Sources */ = {isa = PBXBuildFile; fileRef = 9A5B7F0823098FE20099E3A9 /* Lunnar.swift */; };
		9A5B7F1123099D890099E3A9 /* Lightning.swift in Sources */ = {isa = PBXBuildFile; fileRef = 9A5B7F1023099D890099E3A9 /* Lightning.swift */; };
		9A5B7F132309A1520099E3A9 /* Cloudy.swift in Sources */ = {isa = PBXBuildFile; fileRef = 9A5B7F122309A1520099E3A9 /* Cloudy.swift */; };
		9A5B883A23C20724009CE2CE /* GoogleService-Info.plist in Resources */ = {isa = PBXBuildFile; fileRef = 9A5B883923C20724009CE2CE /* GoogleService-Info.plist */; };
		9A79F63822F6684E00487DC5 /* Foundation+Extension.swift in Sources */ = {isa = PBXBuildFile; fileRef = 9A79F63722F6684E00487DC5 /* Foundation+Extension.swift */; };
		9A79F63A22F668F100487DC5 /* UIKit+Extension.swift in Sources */ = {isa = PBXBuildFile; fileRef = 9A79F63922F668F100487DC5 /* UIKit+Extension.swift */; };
		9A79F63D22F669BD00487DC5 /* Colors.swift in Sources */ = {isa = PBXBuildFile; fileRef = 9A79F63C22F669BD00487DC5 /* Colors.swift */; };
		9A79F63F22F66E8600487DC5 /* Dimension.swift in Sources */ = {isa = PBXBuildFile; fileRef = 9A79F63E22F66E8600487DC5 /* Dimension.swift */; };
		9A8900A8231F31E3009AF915 /* WIFIManager.swift in Sources */ = {isa = PBXBuildFile; fileRef = 9A8900A7231F31E2009AF915 /* WIFIManager.swift */; };
		9A8900AA23200490009AF915 /* LangaugeTableViewController.swift in Sources */ = {isa = PBXBuildFile; fileRef = 9A8900A923200490009AF915 /* LangaugeTableViewController.swift */; };
		9A8900AC23215556009AF915 /* DeviceManager.swift in Sources */ = {isa = PBXBuildFile; fileRef = 9A8900AB23215555009AF915 /* DeviceManager.swift */; };
		9A8900B923239973009AF915 /* TCPSocketManager.swift in Sources */ = {isa = PBXBuildFile; fileRef = 9A8900B823239973009AF915 /* TCPSocketManager.swift */; };
		9AA1AC3022FA9BB60000F6D2 /* DatePickerViewController.swift in Sources */ = {isa = PBXBuildFile; fileRef = 9AA1AC2F22FA9BB60000F6D2 /* DatePickerViewController.swift */; };
		9AA1AC3222FA9BE00000F6D2 /* Public.storyboard in Resources */ = {isa = PBXBuildFile; fileRef = 9AA1AC3122FA9BE00000F6D2 /* Public.storyboard */; };
		9AA1AC3522FC492B0000F6D2 /* EffectsTableViewController.swift in Sources */ = {isa = PBXBuildFile; fileRef = 9AA1AC3422FC492B0000F6D2 /* EffectsTableViewController.swift */; };
		9AA1AC3722FC49420000F6D2 /* Effects.storyboard in Resources */ = {isa = PBXBuildFile; fileRef = 9AA1AC3622FC49420000F6D2 /* Effects.storyboard */; };
		9AA1AC3922FC60E70000F6D2 /* EffectsSettingTableViewController.swift in Sources */ = {isa = PBXBuildFile; fileRef = 9AA1AC3822FC60E70000F6D2 /* EffectsSettingTableViewController.swift */; };
		9AA1AC3E22FC64C80000F6D2 /* EffectsSettingTableViewCell.swift in Sources */ = {isa = PBXBuildFile; fileRef = 9AA1AC3C22FC64C80000F6D2 /* EffectsSettingTableViewCell.swift */; };
		9AA1AC3F22FC64C80000F6D2 /* EffectsSettingTableViewCell.xib in Resources */ = {isa = PBXBuildFile; fileRef = 9AA1AC3D22FC64C80000F6D2 /* EffectsSettingTableViewCell.xib */; };
		9AA1AC4222FC67160000F6D2 /* EffectsSettingBTableViewCell.swift in Sources */ = {isa = PBXBuildFile; fileRef = 9AA1AC4022FC67160000F6D2 /* EffectsSettingBTableViewCell.swift */; };
		9AA1AC4322FC67160000F6D2 /* EffectsSettingBTableViewCell.xib in Resources */ = {isa = PBXBuildFile; fileRef = 9AA1AC4122FC67160000F6D2 /* EffectsSettingBTableViewCell.xib */; };
		9AA1AC4822FC68870000F6D2 /* EffectsSettingCTableViewCell.swift in Sources */ = {isa = PBXBuildFile; fileRef = 9AA1AC4622FC68870000F6D2 /* EffectsSettingCTableViewCell.swift */; };
		9AA1AC4922FC68870000F6D2 /* EffectsSettingCTableViewCell.xib in Resources */ = {isa = PBXBuildFile; fileRef = 9AA1AC4722FC68870000F6D2 /* EffectsSettingCTableViewCell.xib */; };
		9AA1AC4D22FD0C130000F6D2 /* EffectsSettingModel.swift in Sources */ = {isa = PBXBuildFile; fileRef = 9AA1AC4C22FD0C130000F6D2 /* EffectsSettingModel.swift */; };
		9AE39880238527CC00A2A632 /* BottomView.swift in Sources */ = {isa = PBXBuildFile; fileRef = 9AE3987F238527CC00A2A632 /* BottomView.swift */; };
		9AE398822385667800A2A632 /* QRCodeHelper.swift in Sources */ = {isa = PBXBuildFile; fileRef = 9AE398812385667800A2A632 /* QRCodeHelper.swift */; };
/* End PBXBuildFile section */

/* Begin PBXContainerItemProxy section */
		9A101B6C22F5C9410033E96B /* PBXContainerItemProxy */ = {
			isa = PBXContainerItemProxy;
			containerPortal = 9A101B4C22F5C9400033E96B /* Project object */;
			proxyType = 1;
			remoteGlobalIDString = 9A101B5322F5C9400033E96B;
			remoteInfo = SmartLight;
		};
		9A101B7722F5C9410033E96B /* PBXContainerItemProxy */ = {
			isa = PBXContainerItemProxy;
			containerPortal = 9A101B4C22F5C9400033E96B /* Project object */;
			proxyType = 1;
			remoteGlobalIDString = 9A101B5322F5C9400033E96B;
			remoteInfo = SmartLight;
		};
/* End PBXContainerItemProxy section */

/* Begin PBXFileReference section */
		3F64C10D86EFF1C7BC7DD516 /* Pods_SmartLight.framework */ = {isa = PBXFileReference; explicitFileType = wrapper.framework; includeInIndex = 0; path = Pods_SmartLight.framework; sourceTree = BUILT_PRODUCTS_DIR; };
		7FEBEBB733C700359B9854BE /* Pods-SmartLight.debug.xcconfig */ = {isa = PBXFileReference; includeInIndex = 1; lastKnownFileType = text.xcconfig; name = "Pods-SmartLight.debug.xcconfig"; path = "Target Support Files/Pods-SmartLight/Pods-SmartLight.debug.xcconfig"; sourceTree = "<group>"; };
		9A083AD12379625B0018D54D /* en */ = {isa = PBXFileReference; lastKnownFileType = text.plist.strings; name = en; path = en.lproj/Localizable.strings; sourceTree = "<group>"; };
		9A083AD3237962680018D54D /* zh-Hans */ = {isa = PBXFileReference; lastKnownFileType = text.plist.strings; name = "zh-Hans"; path = "zh-Hans.lproj/Localizable.strings"; sourceTree = "<group>"; };
		9A083AD42379803D0018D54D /* CurrentLightValueManager.swift */ = {isa = PBXFileReference; lastKnownFileType = sourcecode.swift; path = CurrentLightValueManager.swift; sourceTree = "<group>"; };
		9A083ADE237C34920018D54D /* TableViewHeadView.swift */ = {isa = PBXFileReference; lastKnownFileType = sourcecode.swift; path = TableViewHeadView.swift; sourceTree = "<group>"; };
		9A083AE0237C5C6D0018D54D /* FanTableViewController.swift */ = {isa = PBXFileReference; fileEncoding = 4; lastKnownFileType = sourcecode.swift; path = FanTableViewController.swift; sourceTree = "<group>"; };
		9A083AE2237C5C8A0018D54D /* Fan.swift */ = {isa = PBXFileReference; lastKnownFileType = sourcecode.swift; path = Fan.swift; sourceTree = "<group>"; };
		9A083AE4237C5DE70018D54D /* TableViewHeaderView.swift */ = {isa = PBXFileReference; lastKnownFileType = sourcecode.swift; path = TableViewHeaderView.swift; sourceTree = "<group>"; };
		9A101B5422F5C9400033E96B /* SmartLight.app */ = {isa = PBXFileReference; explicitFileType = wrapper.application; includeInIndex = 0; path = SmartLight.app; sourceTree = BUILT_PRODUCTS_DIR; };
		9A101B5722F5C9400033E96B /* AppDelegate.swift */ = {isa = PBXFileReference; lastKnownFileType = sourcecode.swift; path = AppDelegate.swift; sourceTree = "<group>"; };
		9A101B5922F5C9400033E96B /* DashboardViewController.swift */ = {isa = PBXFileReference; lastKnownFileType = sourcecode.swift; path = DashboardViewController.swift; sourceTree = "<group>"; };
		9A101B5C22F5C9400033E96B /* Base */ = {isa = PBXFileReference; lastKnownFileType = file.storyboard; name = Base; path = Base.lproj/Main.storyboard; sourceTree = "<group>"; };
		9A101B5F22F5C9400033E96B /* SmartLight.xcdatamodel */ = {isa = PBXFileReference; lastKnownFileType = wrapper.xcdatamodel; path = SmartLight.xcdatamodel; sourceTree = "<group>"; };
		9A101B6122F5C9410033E96B /* Assets.xcassets */ = {isa = PBXFileReference; lastKnownFileType = folder.assetcatalog; path = Assets.xcassets; sourceTree = "<group>"; };
		9A101B6422F5C9410033E96B /* Base */ = {isa = PBXFileReference; lastKnownFileType = file.storyboard; name = Base; path = Base.lproj/LaunchScreen.storyboard; sourceTree = "<group>"; };
		9A101B6622F5C9410033E96B /* Info.plist */ = {isa = PBXFileReference; lastKnownFileType = text.plist.xml; path = Info.plist; sourceTree = "<group>"; };
		9A101B6B22F5C9410033E96B /* SmartLightTests.xctest */ = {isa = PBXFileReference; explicitFileType = wrapper.cfbundle; includeInIndex = 0; path = SmartLightTests.xctest; sourceTree = BUILT_PRODUCTS_DIR; };
		9A101B6F22F5C9410033E96B /* SmartLightTests.swift */ = {isa = PBXFileReference; lastKnownFileType = sourcecode.swift; path = SmartLightTests.swift; sourceTree = "<group>"; };
		9A101B7122F5C9410033E96B /* Info.plist */ = {isa = PBXFileReference; lastKnownFileType = text.plist.xml; path = Info.plist; sourceTree = "<group>"; };
		9A101B7622F5C9410033E96B /* SmartLightUITests.xctest */ = {isa = PBXFileReference; explicitFileType = wrapper.cfbundle; includeInIndex = 0; path = SmartLightUITests.xctest; sourceTree = BUILT_PRODUCTS_DIR; };
		9A101B7A22F5C9410033E96B /* SmartLightUITests.swift */ = {isa = PBXFileReference; lastKnownFileType = sourcecode.swift; path = SmartLightUITests.swift; sourceTree = "<group>"; };
		9A101B7C22F5C9410033E96B /* Info.plist */ = {isa = PBXFileReference; lastKnownFileType = text.plist.xml; path = Info.plist; sourceTree = "<group>"; };
		9A101FFB22FDBEDE000F36D7 /* BashboardCollectionViewCell.swift */ = {isa = PBXFileReference; lastKnownFileType = sourcecode.swift; path = BashboardCollectionViewCell.swift; sourceTree = "<group>"; };
		9A101FFE23004017000F36D7 /* DeviceListViewController.swift */ = {isa = PBXFileReference; lastKnownFileType = sourcecode.swift; path = DeviceListViewController.swift; sourceTree = "<group>"; };
		9A10200023004035000F36D7 /* Device.storyboard */ = {isa = PBXFileReference; lastKnownFileType = file.storyboard; path = Device.storyboard; sourceTree = "<group>"; };
		9A10200223005CD5000F36D7 /* SearchDeviceViewController.swift */ = {isa = PBXFileReference; lastKnownFileType = sourcecode.swift; path = SearchDeviceViewController.swift; sourceTree = "<group>"; };
		9A10200423005F57000F36D7 /* WIFIListViewController.swift */ = {isa = PBXFileReference; lastKnownFileType = sourcecode.swift; path = WIFIListViewController.swift; sourceTree = "<group>"; };
		9A1020062300660E000F36D7 /* DeviceListTableViewCell.swift */ = {isa = PBXFileReference; lastKnownFileType = sourcecode.swift; path = DeviceListTableViewCell.swift; sourceTree = "<group>"; };
		9A102009230066BF000F36D7 /* DeviceListModel.swift */ = {isa = PBXFileReference; lastKnownFileType = sourcecode.swift; path = DeviceListModel.swift; sourceTree = "<group>"; };
		9A10200B23006703000F36D7 /* DeviceModel.swift */ = {isa = PBXFileReference; lastKnownFileType = sourcecode.swift; path = DeviceModel.swift; sourceTree = "<group>"; };
		9A1020102302F296000F36D7 /* ControlViewController.swift */ = {isa = PBXFileReference; lastKnownFileType = sourcecode.swift; path = ControlViewController.swift; sourceTree = "<group>"; };
		9A1020122302F38D000F36D7 /* Control.storyboard */ = {isa = PBXFileReference; lastKnownFileType = file.storyboard; path = Control.storyboard; sourceTree = "<group>"; };
		9A10201423030026000F36D7 /* TouchBarValueView.swift */ = {isa = PBXFileReference; lastKnownFileType = sourcecode.swift; path = TouchBarValueView.swift; sourceTree = "<group>"; };
		9A10201623030031000F36D7 /* TouchBarValueView.xib */ = {isa = PBXFileReference; lastKnownFileType = file.xib; path = TouchBarValueView.xib; sourceTree = "<group>"; };
		9A1020192303D26C000F36D7 /* LBXScanViewController.swift */ = {isa = PBXFileReference; fileEncoding = 4; lastKnownFileType = sourcecode.swift; path = LBXScanViewController.swift; sourceTree = "<group>"; };
		9A10201A2303D26C000F36D7 /* LBXScanView.swift */ = {isa = PBXFileReference; fileEncoding = 4; lastKnownFileType = sourcecode.swift; path = LBXScanView.swift; sourceTree = "<group>"; };
		9A10201B2303D26C000F36D7 /* LBXScanNetAnimation.swift */ = {isa = PBXFileReference; fileEncoding = 4; lastKnownFileType = sourcecode.swift; path = LBXScanNetAnimation.swift; sourceTree = "<group>"; };
		9A10201C2303D26C000F36D7 /* LBXScanWrapper.swift */ = {isa = PBXFileReference; fileEncoding = 4; lastKnownFileType = sourcecode.swift; path = LBXScanWrapper.swift; sourceTree = "<group>"; };
		9A10201D2303D26C000F36D7 /* LBXScanLineAnimation.swift */ = {isa = PBXFileReference; fileEncoding = 4; lastKnownFileType = sourcecode.swift; path = LBXScanLineAnimation.swift; sourceTree = "<group>"; };
		9A10201E2303D26C000F36D7 /* LBXScanViewStyle.swift */ = {isa = PBXFileReference; fileEncoding = 4; lastKnownFileType = sourcecode.swift; path = LBXScanViewStyle.swift; sourceTree = "<group>"; };
		9A10201F2303D26C000F36D7 /* LBXPermissions.swift */ = {isa = PBXFileReference; fileEncoding = 4; lastKnownFileType = sourcecode.swift; path = LBXPermissions.swift; sourceTree = "<group>"; };
		9A1020272303D506000F36D7 /* CodeScan.bundle */ = {isa = PBXFileReference; lastKnownFileType = "wrapper.plug-in"; path = CodeScan.bundle; sourceTree = "<group>"; };
		9A1D8E2B2316C88F000FEBEC /* TopView.swift */ = {isa = PBXFileReference; lastKnownFileType = sourcecode.swift; path = TopView.swift; sourceTree = "<group>"; };
		9A211CCE2325317400C36FC2 /* ESPAES.h */ = {isa = PBXFileReference; fileEncoding = 4; lastKnownFileType = sourcecode.c.h; path = ESPAES.h; sourceTree = "<group>"; };
		9A211CD02325317400C36FC2 /* ESPGuideCode.h */ = {isa = PBXFileReference; fileEncoding = 4; lastKnownFileType = sourcecode.c.h; path = ESPGuideCode.h; sourceTree = "<group>"; };
		9A211CD12325317400C36FC2 /* ESP_CRC8.m */ = {isa = PBXFileReference; fileEncoding = 4; lastKnownFileType = sourcecode.c.objc; path = ESP_CRC8.m; sourceTree = "<group>"; };
		9A211CD22325317400C36FC2 /* ESPTouchDelegate.h */ = {isa = PBXFileReference; fileEncoding = 4; lastKnownFileType = sourcecode.c.h; path = ESPTouchDelegate.h; sourceTree = "<group>"; };
		9A211CD32325317400C36FC2 /* ESP_ByteUtil.h */ = {isa = PBXFileReference; fileEncoding = 4; lastKnownFileType = sourcecode.c.h; path = ESP_ByteUtil.h; sourceTree = "<group>"; };
		9A211CD42325317400C36FC2 /* ESPTouchResult.m */ = {isa = PBXFileReference; fileEncoding = 4; lastKnownFileType = sourcecode.c.objc; path = ESPTouchResult.m; sourceTree = "<group>"; };
		9A211CD52325317500C36FC2 /* ESPDatumCode.m */ = {isa = PBXFileReference; fileEncoding = 4; lastKnownFileType = sourcecode.c.objc; path = ESPDatumCode.m; sourceTree = "<group>"; };
		9A211CD62325317500C36FC2 /* ESPVersionMacro.h */ = {isa = PBXFileReference; fileEncoding = 4; lastKnownFileType = sourcecode.c.h; path = ESPVersionMacro.h; sourceTree = "<group>"; };
		9A211CD72325317500C36FC2 /* ESPUDPSocketServer.h */ = {isa = PBXFileReference; fileEncoding = 4; lastKnownFileType = sourcecode.c.h; path = ESPUDPSocketServer.h; sourceTree = "<group>"; };
		9A211CD82325317500C36FC2 /* ESPTouchGenerator.h */ = {isa = PBXFileReference; fileEncoding = 4; lastKnownFileType = sourcecode.c.h; path = ESPTouchGenerator.h; sourceTree = "<group>"; };
		9A211CD92325317500C36FC2 /* ESP_ByteUtil.m */ = {isa = PBXFileReference; fileEncoding = 4; lastKnownFileType = sourcecode.c.objc; path = ESP_ByteUtil.m; sourceTree = "<group>"; };
		9A211CDA2325317500C36FC2 /* ESPDatumCode.h */ = {isa = PBXFileReference; fileEncoding = 4; lastKnownFileType = sourcecode.c.h; path = ESPDatumCode.h; sourceTree = "<group>"; };
		9A211CDB2325317500C36FC2 /* ESPGuideCode.m */ = {isa = PBXFileReference; fileEncoding = 4; lastKnownFileType = sourcecode.c.objc; path = ESPGuideCode.m; sourceTree = "<group>"; };
		9A211CDC2325317500C36FC2 /* ESPTouchTaskParameter.m */ = {isa = PBXFileReference; fileEncoding = 4; lastKnownFileType = sourcecode.c.objc; path = ESPTouchTaskParameter.m; sourceTree = "<group>"; };
		9A211CDD2325317500C36FC2 /* ESP_WifiUtil.h */ = {isa = PBXFileReference; fileEncoding = 4; lastKnownFileType = sourcecode.c.h; path = ESP_WifiUtil.h; sourceTree = "<group>"; };
		9A211CDE2325317500C36FC2 /* ESPTouchGenerator.m */ = {isa = PBXFileReference; fileEncoding = 4; lastKnownFileType = sourcecode.c.objc; path = ESPTouchGenerator.m; sourceTree = "<group>"; };
		9A211CDF2325317500C36FC2 /* ESP_NetUtil.m */ = {isa = PBXFileReference; fileEncoding = 4; lastKnownFileType = sourcecode.c.objc; path = ESP_NetUtil.m; sourceTree = "<group>"; };
		9A211CE02325317500C36FC2 /* ESPUDPSocketClient.m */ = {isa = PBXFileReference; fileEncoding = 4; lastKnownFileType = sourcecode.c.objc; path = ESPUDPSocketClient.m; sourceTree = "<group>"; };
		9A211CE12325317500C36FC2 /* ESP_WifiUtil.m */ = {isa = PBXFileReference; fileEncoding = 4; lastKnownFileType = sourcecode.c.objc; path = ESP_WifiUtil.m; sourceTree = "<group>"; };
		9A211CE22325317500C36FC2 /* ESPUDPSocketClient.h */ = {isa = PBXFileReference; fileEncoding = 4; lastKnownFileType = sourcecode.c.h; path = ESPUDPSocketClient.h; sourceTree = "<group>"; };
		9A211CE32325317600C36FC2 /* ESP_CRC8.h */ = {isa = PBXFileReference; fileEncoding = 4; lastKnownFileType = sourcecode.c.h; path = ESP_CRC8.h; sourceTree = "<group>"; };
		9A211CE42325317600C36FC2 /* ESPTouchResult.h */ = {isa = PBXFileReference; fileEncoding = 4; lastKnownFileType = sourcecode.c.h; path = ESPTouchResult.h; sourceTree = "<group>"; };
		9A211CE52325317600C36FC2 /* ESP_NetUtil.h */ = {isa = PBXFileReference; fileEncoding = 4; lastKnownFileType = sourcecode.c.h; path = ESP_NetUtil.h; sourceTree = "<group>"; };
		9A211CE62325317600C36FC2 /* ESPDataCode.m */ = {isa = PBXFileReference; fileEncoding = 4; lastKnownFileType = sourcecode.c.objc; path = ESPDataCode.m; sourceTree = "<group>"; };
		9A211CE72325317600C36FC2 /* ESPTouchTask.m */ = {isa = PBXFileReference; fileEncoding = 4; lastKnownFileType = sourcecode.c.objc; path = ESPTouchTask.m; sourceTree = "<group>"; };
		9A211CE82325317600C36FC2 /* ESPTouchTask.h */ = {isa = PBXFileReference; fileEncoding = 4; lastKnownFileType = sourcecode.c.h; path = ESPTouchTask.h; sourceTree = "<group>"; };
		9A211CE92325317600C36FC2 /* ESPDataCode.h */ = {isa = PBXFileReference; fileEncoding = 4; lastKnownFileType = sourcecode.c.h; path = ESPDataCode.h; sourceTree = "<group>"; };
		9A211CEA2325317600C36FC2 /* ESPUDPSocketServer.m */ = {isa = PBXFileReference; fileEncoding = 4; lastKnownFileType = sourcecode.c.objc; path = ESPUDPSocketServer.m; sourceTree = "<group>"; };
		9A211CEB2325317600C36FC2 /* ESPTouchTaskParameter.h */ = {isa = PBXFileReference; fileEncoding = 4; lastKnownFileType = sourcecode.c.h; path = ESPTouchTaskParameter.h; sourceTree = "<group>"; };
		9A211CEC2325317600C36FC2 /* ESPAES.m */ = {isa = PBXFileReference; fileEncoding = 4; lastKnownFileType = sourcecode.c.objc; path = ESPAES.m; sourceTree = "<group>"; };
		9A211CFD2325320B00C36FC2 /* ESPController.m */ = {isa = PBXFileReference; fileEncoding = 4; lastKnownFileType = sourcecode.c.objc; path = ESPController.m; sourceTree = "<group>"; };
		9A211CFE2325320C00C36FC2 /* ESPController.h */ = {isa = PBXFileReference; fileEncoding = 4; lastKnownFileType = sourcecode.c.h; path = ESPController.h; sourceTree = "<group>"; };
		9A311C06238FB4640099EC02 /* ESPTools.m */ = {isa = PBXFileReference; fileEncoding = 4; lastKnownFileType = sourcecode.c.objc; path = ESPTools.m; sourceTree = "<group>"; };
		9A311C07238FB4640099EC02 /* ESPTools.h */ = {isa = PBXFileReference; fileEncoding = 4; lastKnownFileType = sourcecode.c.h; path = ESPTools.h; sourceTree = "<group>"; };
		9A311C09238FEE6E0099EC02 /* MCLocation.swift */ = {isa = PBXFileReference; lastKnownFileType = sourcecode.swift; path = MCLocation.swift; sourceTree = "<group>"; };
		9A3E1E8022F830A600A24DB1 /* Images.swift */ = {isa = PBXFileReference; lastKnownFileType = sourcecode.swift; path = Images.swift; sourceTree = "<group>"; };
		9A3E1E8222F836C800A24DB1 /* BarValueView.swift */ = {isa = PBXFileReference; lastKnownFileType = sourcecode.swift; path = BarValueView.swift; sourceTree = "<group>"; };
		9A3E1E8422F836E500A24DB1 /* BarValueView.xib */ = {isa = PBXFileReference; lastKnownFileType = file.xib; path = BarValueView.xib; sourceTree = "<group>"; };
		9A3E1E8622F8573300A24DB1 /* Strings.swift */ = {isa = PBXFileReference; lastKnownFileType = sourcecode.swift; path = Strings.swift; sourceTree = "<group>"; };
		9A3E1E8922F8590500A24DB1 /* BaseViewController.swift */ = {isa = PBXFileReference; lastKnownFileType = sourcecode.swift; path = BaseViewController.swift; sourceTree = "<group>"; };
		9A3E1E8D22F85AF600A24DB1 /* SmartLight-Bridging-Header.h */ = {isa = PBXFileReference; lastKnownFileType = sourcecode.c.h; path = "SmartLight-Bridging-Header.h"; sourceTree = "<group>"; };
		9A3E1E9B22F85C2600A24DB1 /* Arrays.swift */ = {isa = PBXFileReference; lastKnownFileType = sourcecode.swift; path = Arrays.swift; sourceTree = "<group>"; };
		9A3E1E9D22F86DBE00A24DB1 /* BaseNavigationController.swift */ = {isa = PBXFileReference; lastKnownFileType = sourcecode.swift; path = BaseNavigationController.swift; sourceTree = "<group>"; };
		9A3E1E9F22F86E4300A24DB1 /* BaseTabBarController.swift */ = {isa = PBXFileReference; lastKnownFileType = sourcecode.swift; path = BaseTabBarController.swift; sourceTree = "<group>"; };
		9A3E1EA222F8752D00A24DB1 /* SettingsTableViewController.swift */ = {isa = PBXFileReference; lastKnownFileType = sourcecode.swift; path = SettingsTableViewController.swift; sourceTree = "<group>"; };
		9A3E1EA422F87CC900A24DB1 /* Settings.storyboard */ = {isa = PBXFileReference; lastKnownFileType = file.storyboard; path = Settings.storyboard; sourceTree = "<group>"; };
		9A46AD4123AA7571004C6D32 /* Reachability.swift */ = {isa = PBXFileReference; fileEncoding = 4; lastKnownFileType = sourcecode.swift; path = Reachability.swift; sourceTree = "<group>"; };
		9A5B7EEE230446D30099E3A9 /* PatternModel.swift */ = {isa = PBXFileReference; lastKnownFileType = sourcecode.swift; path = PatternModel.swift; sourceTree = "<group>"; };
		9A5B7EF02304553A0099E3A9 /* PresetViewController.swift */ = {isa = PBXFileReference; lastKnownFileType = sourcecode.swift; path = PresetViewController.swift; sourceTree = "<group>"; };
		9A5B7EF2230457050099E3A9 /* PatternListModel.swift */ = {isa = PBXFileReference; lastKnownFileType = sourcecode.swift; path = PatternListModel.swift; sourceTree = "<group>"; };
		9A5B7EF42304586C0099E3A9 /* PresetTableViewCell.swift */ = {isa = PBXFileReference; lastKnownFileType = sourcecode.swift; path = PresetTableViewCell.swift; sourceTree = "<group>"; };
		9A5B7EF62305ABEF0099E3A9 /* OTAViewController.swift */ = {isa = PBXFileReference; lastKnownFileType = sourcecode.swift; path = OTAViewController.swift; sourceTree = "<group>"; };
		9A5B7EF82307E9930099E3A9 /* Acclimation.swift */ = {isa = PBXFileReference; lastKnownFileType = sourcecode.swift; path = Acclimation.swift; sourceTree = "<group>"; };
		9A5B7EFA2307EFA60099E3A9 /* LightningTableViewController.swift */ = {isa = PBXFileReference; fileEncoding = 4; lastKnownFileType = sourcecode.swift; path = LightningTableViewController.swift; sourceTree = "<group>"; };
		9A5B7EFB2307EFA60099E3A9 /* LunnarTableViewController.swift */ = {isa = PBXFileReference; fileEncoding = 4; lastKnownFileType = sourcecode.swift; path = LunnarTableViewController.swift; sourceTree = "<group>"; };
		9A5B7EFC2307EFA70099E3A9 /* CloudyTableViewController.swift */ = {isa = PBXFileReference; fileEncoding = 4; lastKnownFileType = sourcecode.swift; path = CloudyTableViewController.swift; sourceTree = "<group>"; };
		9A5B7F002307F7800099E3A9 /* AcclimationTableViewController.swift */ = {isa = PBXFileReference; lastKnownFileType = sourcecode.swift; path = AcclimationTableViewController.swift; sourceTree = "<group>"; };
		9A5B7F022308FC440099E3A9 /* TimePickerViewController.swift */ = {isa = PBXFileReference; lastKnownFileType = sourcecode.swift; path = TimePickerViewController.swift; sourceTree = "<group>"; };
		9A5B7F04230965860099E3A9 /* Kit.swift */ = {isa = PBXFileReference; lastKnownFileType = sourcecode.swift; path = Kit.swift; sourceTree = "<group>"; };
		9A5B7F0623097C540099E3A9 /* CustomPickerViewController.swift */ = {isa = PBXFileReference; lastKnownFileType = sourcecode.swift; path = CustomPickerViewController.swift; sourceTree = "<group>"; };
		9A5B7F0823098FE20099E3A9 /* Lunnar.swift */ = {isa = PBXFileReference; lastKnownFileType = sourcecode.swift; path = Lunnar.swift; sourceTree = "<group>"; };
		9A5B7F1023099D890099E3A9 /* Lightning.swift */ = {isa = PBXFileReference; lastKnownFileType = sourcecode.swift; path = Lightning.swift; sourceTree = "<group>"; };
		9A5B7F122309A1520099E3A9 /* Cloudy.swift */ = {isa = PBXFileReference; lastKnownFileType = sourcecode.swift; path = Cloudy.swift; sourceTree = "<group>"; };
		9A5B883923C20724009CE2CE /* GoogleService-Info.plist */ = {isa = PBXFileReference; fileEncoding = 4; lastKnownFileType = text.plist.xml; path = "GoogleService-Info.plist"; sourceTree = "<group>"; };
		9A79F63722F6684E00487DC5 /* Foundation+Extension.swift */ = {isa = PBXFileReference; lastKnownFileType = sourcecode.swift; path = "Foundation+Extension.swift"; sourceTree = "<group>"; };
		9A79F63922F668F100487DC5 /* UIKit+Extension.swift */ = {isa = PBXFileReference; lastKnownFileType = sourcecode.swift; path = "UIKit+Extension.swift"; sourceTree = "<group>"; };
		9A79F63C22F669BD00487DC5 /* Colors.swift */ = {isa = PBXFileReference; lastKnownFileType = sourcecode.swift; path = Colors.swift; sourceTree = "<group>"; };
		9A79F63E22F66E8600487DC5 /* Dimension.swift */ = {isa = PBXFileReference; lastKnownFileType = sourcecode.swift; path = Dimension.swift; sourceTree = "<group>"; };
		9A89007A2319717C009AF915 /* SmartLight.entitlements */ = {isa = PBXFileReference; lastKnownFileType = text.plist.entitlements; path = SmartLight.entitlements; sourceTree = "<group>"; };
		9A8900A7231F31E2009AF915 /* WIFIManager.swift */ = {isa = PBXFileReference; lastKnownFileType = sourcecode.swift; path = WIFIManager.swift; sourceTree = "<group>"; };
		9A8900A923200490009AF915 /* LangaugeTableViewController.swift */ = {isa = PBXFileReference; lastKnownFileType = sourcecode.swift; path = LangaugeTableViewController.swift; sourceTree = "<group>"; };
		9A8900AB23215555009AF915 /* DeviceManager.swift */ = {isa = PBXFileReference; lastKnownFileType = sourcecode.swift; path = DeviceManager.swift; sourceTree = "<group>"; };
		9A8900B823239973009AF915 /* TCPSocketManager.swift */ = {isa = PBXFileReference; lastKnownFileType = sourcecode.swift; path = TCPSocketManager.swift; sourceTree = "<group>"; };
		9AA1AC2F22FA9BB60000F6D2 /* DatePickerViewController.swift */ = {isa = PBXFileReference; lastKnownFileType = sourcecode.swift; path = DatePickerViewController.swift; sourceTree = "<group>"; };
		9AA1AC3122FA9BE00000F6D2 /* Public.storyboard */ = {isa = PBXFileReference; lastKnownFileType = file.storyboard; path = Public.storyboard; sourceTree = "<group>"; };
		9AA1AC3422FC492B0000F6D2 /* EffectsTableViewController.swift */ = {isa = PBXFileReference; lastKnownFileType = sourcecode.swift; path = EffectsTableViewController.swift; sourceTree = "<group>"; };
		9AA1AC3622FC49420000F6D2 /* Effects.storyboard */ = {isa = PBXFileReference; lastKnownFileType = file.storyboard; path = Effects.storyboard; sourceTree = "<group>"; };
		9AA1AC3822FC60E70000F6D2 /* EffectsSettingTableViewController.swift */ = {isa = PBXFileReference; lastKnownFileType = sourcecode.swift; path = EffectsSettingTableViewController.swift; sourceTree = "<group>"; };
		9AA1AC3C22FC64C80000F6D2 /* EffectsSettingTableViewCell.swift */ = {isa = PBXFileReference; lastKnownFileType = sourcecode.swift; path = EffectsSettingTableViewCell.swift; sourceTree = "<group>"; };
		9AA1AC3D22FC64C80000F6D2 /* EffectsSettingTableViewCell.xib */ = {isa = PBXFileReference; lastKnownFileType = file.xib; path = EffectsSettingTableViewCell.xib; sourceTree = "<group>"; };
		9AA1AC4022FC67160000F6D2 /* EffectsSettingBTableViewCell.swift */ = {isa = PBXFileReference; lastKnownFileType = sourcecode.swift; path = EffectsSettingBTableViewCell.swift; sourceTree = "<group>"; };
		9AA1AC4122FC67160000F6D2 /* EffectsSettingBTableViewCell.xib */ = {isa = PBXFileReference; lastKnownFileType = file.xib; path = EffectsSettingBTableViewCell.xib; sourceTree = "<group>"; };
		9AA1AC4622FC68870000F6D2 /* EffectsSettingCTableViewCell.swift */ = {isa = PBXFileReference; lastKnownFileType = sourcecode.swift; path = EffectsSettingCTableViewCell.swift; sourceTree = "<group>"; };
		9AA1AC4722FC68870000F6D2 /* EffectsSettingCTableViewCell.xib */ = {isa = PBXFileReference; lastKnownFileType = file.xib; path = EffectsSettingCTableViewCell.xib; sourceTree = "<group>"; };
		9AA1AC4C22FD0C130000F6D2 /* EffectsSettingModel.swift */ = {isa = PBXFileReference; lastKnownFileType = sourcecode.swift; path = EffectsSettingModel.swift; sourceTree = "<group>"; };
		9AE3987F238527CC00A2A632 /* BottomView.swift */ = {isa = PBXFileReference; lastKnownFileType = sourcecode.swift; path = BottomView.swift; sourceTree = "<group>"; };
		9AE398812385667800A2A632 /* QRCodeHelper.swift */ = {isa = PBXFileReference; lastKnownFileType = sourcecode.swift; path = QRCodeHelper.swift; sourceTree = "<group>"; };
		CD261D01D98AF10D7C326555 /* Pods-SmartLight.release.xcconfig */ = {isa = PBXFileReference; includeInIndex = 1; lastKnownFileType = text.xcconfig; name = "Pods-SmartLight.release.xcconfig"; path = "Target Support Files/Pods-SmartLight/Pods-SmartLight.release.xcconfig"; sourceTree = "<group>"; };
/* End PBXFileReference section */

/* Begin PBXFrameworksBuildPhase section */
		9A101B5122F5C9400033E96B /* Frameworks */ = {
			isa = PBXFrameworksBuildPhase;
			buildActionMask = 2147483647;
			files = (
				1B8223FB1A9FCBD06FCF3644 /* Pods_SmartLight.framework in Frameworks */,
			);
			runOnlyForDeploymentPostprocessing = 0;
		};
		9A101B6822F5C9410033E96B /* Frameworks */ = {
			isa = PBXFrameworksBuildPhase;
			buildActionMask = 2147483647;
			files = (
			);
			runOnlyForDeploymentPostprocessing = 0;
		};
		9A101B7322F5C9410033E96B /* Frameworks */ = {
			isa = PBXFrameworksBuildPhase;
			buildActionMask = 2147483647;
			files = (
			);
			runOnlyForDeploymentPostprocessing = 0;
		};
/* End PBXFrameworksBuildPhase section */

/* Begin PBXGroup section */
		6404F819E3907B9DFEEFE117 /* Pods */ = {
			isa = PBXGroup;
			children = (
				7FEBEBB733C700359B9854BE /* Pods-SmartLight.debug.xcconfig */,
				CD261D01D98AF10D7C326555 /* Pods-SmartLight.release.xcconfig */,
			);
			path = Pods;
			sourceTree = "<group>";
		};
		9A101B4B22F5C9400033E96B = {
			isa = PBXGroup;
			children = (
				9A101B5622F5C9400033E96B /* SmartLight */,
				9A101B6E22F5C9410033E96B /* SmartLightTests */,
				9A101B7922F5C9410033E96B /* SmartLightUITests */,
				9A101B5522F5C9400033E96B /* Products */,
				6404F819E3907B9DFEEFE117 /* Pods */,
				DF3FE0527742D0EBEA230E37 /* Frameworks */,
			);
			sourceTree = "<group>";
		};
		9A101B5522F5C9400033E96B /* Products */ = {
			isa = PBXGroup;
			children = (
				9A101B5422F5C9400033E96B /* SmartLight.app */,
				9A101B6B22F5C9410033E96B /* SmartLightTests.xctest */,
				9A101B7622F5C9410033E96B /* SmartLightUITests.xctest */,
			);
			name = Products;
			sourceTree = "<group>";
		};
		9A101B5622F5C9400033E96B /* SmartLight */ = {
			isa = PBXGroup;
			children = (
				9A89007A2319717C009AF915 /* SmartLight.entitlements */,
				9AA1AC4A22FD0BAD0000F6D2 /* Model */,
				9A79F64022F66FE100487DC5 /* View */,
				9A79F63522F6680F00487DC5 /* Kit */,
				9A101B8822F5C9520033E96B /* Storyboard */,
				9A79F63B22F669A300487DC5 /* Res */,
				9A101B5722F5C9400033E96B /* AppDelegate.swift */,
				9A3E1E8B22F85ACE00A24DB1 /* Vendor */,
				9A101B6122F5C9410033E96B /* Assets.xcassets */,
				9A101B6322F5C9410033E96B /* LaunchScreen.storyboard */,
				9A101B6622F5C9410033E96B /* Info.plist */,
				9A5B883923C20724009CE2CE /* GoogleService-Info.plist */,
				9A083AD22379625B0018D54D /* Localizable.strings */,
				9A101B5E22F5C9400033E96B /* SmartLight.xcdatamodeld */,
			);
			path = SmartLight;
			sourceTree = "<group>";
		};
		9A101B6E22F5C9410033E96B /* SmartLightTests */ = {
			isa = PBXGroup;
			children = (
				9A101B6F22F5C9410033E96B /* SmartLightTests.swift */,
				9A101B7122F5C9410033E96B /* Info.plist */,
			);
			path = SmartLightTests;
			sourceTree = "<group>";
		};
		9A101B7922F5C9410033E96B /* SmartLightUITests */ = {
			isa = PBXGroup;
			children = (
				9A101B7A22F5C9410033E96B /* SmartLightUITests.swift */,
				9A101B7C22F5C9410033E96B /* Info.plist */,
			);
			path = SmartLightUITests;
			sourceTree = "<group>";
		};
		9A101B8822F5C9520033E96B /* Storyboard */ = {
			isa = PBXGroup;
			children = (
				9A101B5B22F5C9400033E96B /* Main.storyboard */,
				9A3E1EA422F87CC900A24DB1 /* Settings.storyboard */,
				9AA1AC3122FA9BE00000F6D2 /* Public.storyboard */,
				9AA1AC3622FC49420000F6D2 /* Effects.storyboard */,
				9A10200023004035000F36D7 /* Device.storyboard */,
				9A1020122302F38D000F36D7 /* Control.storyboard */,
			);
			path = Storyboard;
			sourceTree = "<group>";
		};
		9A101FFD23003FC8000F36D7 /* Deivce */ = {
			isa = PBXGroup;
			children = (
				9A101FFE23004017000F36D7 /* DeviceListViewController.swift */,
				9A1020062300660E000F36D7 /* DeviceListTableViewCell.swift */,
				9A10200223005CD5000F36D7 /* SearchDeviceViewController.swift */,
				9A10200423005F57000F36D7 /* WIFIListViewController.swift */,
			);
			path = Deivce;
			sourceTree = "<group>";
		};
		9A102008230066AD000F36D7 /* Device */ = {
			isa = PBXGroup;
			children = (
				9A102009230066BF000F36D7 /* DeviceListModel.swift */,
				9A10200B23006703000F36D7 /* DeviceModel.swift */,
				9A5B7EF82307E9930099E3A9 /* Acclimation.swift */,
				9A5B7F0823098FE20099E3A9 /* Lunnar.swift */,
				9A083AE2237C5C8A0018D54D /* Fan.swift */,
				9A5B7F1023099D890099E3A9 /* Lightning.swift */,
				9A5B7F122309A1520099E3A9 /* Cloudy.swift */,
			);
			path = Device;
			sourceTree = "<group>";
		};
		9A10200F2302F278000F36D7 /* Control */ = {
			isa = PBXGroup;
			children = (
				9A1020102302F296000F36D7 /* ControlViewController.swift */,
				9A1D8E2B2316C88F000FEBEC /* TopView.swift */,
				9A10201423030026000F36D7 /* TouchBarValueView.swift */,
				9A10201623030031000F36D7 /* TouchBarValueView.xib */,
				9A5B7EF02304553A0099E3A9 /* PresetViewController.swift */,
				9A5B7EF42304586C0099E3A9 /* PresetTableViewCell.swift */,
			);
			path = Control;
			sourceTree = "<group>";
		};
		9A1020182303D18F000F36D7 /* Scan */ = {
			isa = PBXGroup;
			children = (
				9A10201F2303D26C000F36D7 /* LBXPermissions.swift */,
				9A10201D2303D26C000F36D7 /* LBXScanLineAnimation.swift */,
				9A10201B2303D26C000F36D7 /* LBXScanNetAnimation.swift */,
				9A10201A2303D26C000F36D7 /* LBXScanView.swift */,
				9A1020192303D26C000F36D7 /* LBXScanViewController.swift */,
				9A10201E2303D26C000F36D7 /* LBXScanViewStyle.swift */,
				9A10201C2303D26C000F36D7 /* LBXScanWrapper.swift */,
			);
			path = Scan;
			sourceTree = "<group>";
		};
		9A211C8C23252E6800C36FC2 /* SmartConfig */ = {
			isa = PBXGroup;
			children = (
				9A311C07238FB4640099EC02 /* ESPTools.h */,
				9A311C06238FB4640099EC02 /* ESPTools.m */,
				9A211CFE2325320C00C36FC2 /* ESPController.h */,
				9A211CFD2325320B00C36FC2 /* ESPController.m */,
				9A211CD32325317400C36FC2 /* ESP_ByteUtil.h */,
				9A211CD92325317500C36FC2 /* ESP_ByteUtil.m */,
				9A211CE32325317600C36FC2 /* ESP_CRC8.h */,
				9A211CD12325317400C36FC2 /* ESP_CRC8.m */,
				9A211CE52325317600C36FC2 /* ESP_NetUtil.h */,
				9A211CDF2325317500C36FC2 /* ESP_NetUtil.m */,
				9A211CDD2325317500C36FC2 /* ESP_WifiUtil.h */,
				9A211CE12325317500C36FC2 /* ESP_WifiUtil.m */,
				9A211CCE2325317400C36FC2 /* ESPAES.h */,
				9A211CEC2325317600C36FC2 /* ESPAES.m */,
				9A211CE92325317600C36FC2 /* ESPDataCode.h */,
				9A211CE62325317600C36FC2 /* ESPDataCode.m */,
				9A211CDA2325317500C36FC2 /* ESPDatumCode.h */,
				9A211CD52325317500C36FC2 /* ESPDatumCode.m */,
				9A211CD02325317400C36FC2 /* ESPGuideCode.h */,
				9A211CDB2325317500C36FC2 /* ESPGuideCode.m */,
				9A211CD22325317400C36FC2 /* ESPTouchDelegate.h */,
				9A211CD82325317500C36FC2 /* ESPTouchGenerator.h */,
				9A211CDE2325317500C36FC2 /* ESPTouchGenerator.m */,
				9A211CE42325317600C36FC2 /* ESPTouchResult.h */,
				9A211CD42325317400C36FC2 /* ESPTouchResult.m */,
				9A211CE82325317600C36FC2 /* ESPTouchTask.h */,
				9A211CE72325317600C36FC2 /* ESPTouchTask.m */,
				9A211CEB2325317600C36FC2 /* ESPTouchTaskParameter.h */,
				9A211CDC2325317500C36FC2 /* ESPTouchTaskParameter.m */,
				9A211CE22325317500C36FC2 /* ESPUDPSocketClient.h */,
				9A211CE02325317500C36FC2 /* ESPUDPSocketClient.m */,
				9A211CD72325317500C36FC2 /* ESPUDPSocketServer.h */,
				9A211CEA2325317600C36FC2 /* ESPUDPSocketServer.m */,
				9A211CD62325317500C36FC2 /* ESPVersionMacro.h */,
			);
			path = SmartConfig;
			sourceTree = "<group>";
		};
		9A3E1E8822F858F700A24DB1 /* Base */ = {
			isa = PBXGroup;
			children = (
				9A3E1E8922F8590500A24DB1 /* BaseViewController.swift */,
				9A3E1E9D22F86DBE00A24DB1 /* BaseNavigationController.swift */,
				9A3E1E9F22F86E4300A24DB1 /* BaseTabBarController.swift */,
			);
			path = Base;
			sourceTree = "<group>";
		};
		9A3E1E8B22F85ACE00A24DB1 /* Vendor */ = {
			isa = PBXGroup;
			children = (
				9A211C8C23252E6800C36FC2 /* SmartConfig */,
				9A1020182303D18F000F36D7 /* Scan */,
			);
			path = Vendor;
			sourceTree = "<group>";
		};
		9A3E1EA122F8744E00A24DB1 /* Settings */ = {
			isa = PBXGroup;
			children = (
				9A3E1EA222F8752D00A24DB1 /* SettingsTableViewController.swift */,
				9A8900A923200490009AF915 /* LangaugeTableViewController.swift */,
				9A5B7EF62305ABEF0099E3A9 /* OTAViewController.swift */,
			);
			path = Settings;
			sourceTree = "<group>";
		};
		9A5B7EED230446A00099E3A9 /* Pattern */ = {
			isa = PBXGroup;
			children = (
				9A5B7EEE230446D30099E3A9 /* PatternModel.swift */,
				9A5B7EF2230457050099E3A9 /* PatternListModel.swift */,
			);
			path = Pattern;
			sourceTree = "<group>";
		};
		9A79F63522F6680F00487DC5 /* Kit */ = {
			isa = PBXGroup;
			children = (
				9A8900B123238F5C009AF915 /* ObjectC */,
				9A8900A6231F3173009AF915 /* Manage */,
				9A79F63622F6682800487DC5 /* Extension */,
			);
			path = Kit;
			sourceTree = "<group>";
		};
		9A79F63622F6682800487DC5 /* Extension */ = {
			isa = PBXGroup;
			children = (
				9A79F63722F6684E00487DC5 /* Foundation+Extension.swift */,
				9A79F63922F668F100487DC5 /* UIKit+Extension.swift */,
				9A5B7F04230965860099E3A9 /* Kit.swift */,
			);
			path = Extension;
			sourceTree = "<group>";
		};
		9A79F63B22F669A300487DC5 /* Res */ = {
			isa = PBXGroup;
			children = (
				9A1020272303D506000F36D7 /* CodeScan.bundle */,
				9A79F63C22F669BD00487DC5 /* Colors.swift */,
				9A3E1E8022F830A600A24DB1 /* Images.swift */,
				9A79F63E22F66E8600487DC5 /* Dimension.swift */,
				9A3E1E8622F8573300A24DB1 /* Strings.swift */,
				9A3E1E9B22F85C2600A24DB1 /* Arrays.swift */,
			);
			path = Res;
			sourceTree = "<group>";
		};
		9A79F64022F66FE100487DC5 /* View */ = {
			isa = PBXGroup;
			children = (
				9A10200F2302F278000F36D7 /* Control */,
				9A101FFD23003FC8000F36D7 /* Deivce */,
				9A3E1E8822F858F700A24DB1 /* Base */,
				9AA1AC2E22FA997E0000F6D2 /* Public */,
				9A3E1EA122F8744E00A24DB1 /* Settings */,
				9AA1AC3322FC490C0000F6D2 /* Effects */,
				9A79F64122F66FF200487DC5 /* Main */,
			);
			path = View;
			sourceTree = "<group>";
		};
		9A79F64122F66FF200487DC5 /* Main */ = {
			isa = PBXGroup;
			children = (
				9A101B5922F5C9400033E96B /* DashboardViewController.swift */,
				9A101FFB22FDBEDE000F36D7 /* BashboardCollectionViewCell.swift */,
				9A3E1E8222F836C800A24DB1 /* BarValueView.swift */,
				9A3E1E8422F836E500A24DB1 /* BarValueView.xib */,
			);
			path = Main;
			sourceTree = "<group>";
		};
		9A8900A6231F3173009AF915 /* Manage */ = {
			isa = PBXGroup;
			children = (
				9A46AD4123AA7571004C6D32 /* Reachability.swift */,
				9A8900A7231F31E2009AF915 /* WIFIManager.swift */,
				9A8900AB23215555009AF915 /* DeviceManager.swift */,
				9AE398812385667800A2A632 /* QRCodeHelper.swift */,
				9A8900B823239973009AF915 /* TCPSocketManager.swift */,
				9A083AD42379803D0018D54D /* CurrentLightValueManager.swift */,
				9A311C09238FEE6E0099EC02 /* MCLocation.swift */,
			);
			path = Manage;
			sourceTree = "<group>";
		};
		9A8900B123238F5C009AF915 /* ObjectC */ = {
			isa = PBXGroup;
			children = (
				9A3E1E8D22F85AF600A24DB1 /* SmartLight-Bridging-Header.h */,
			);
			path = ObjectC;
			sourceTree = "<group>";
		};
		9AA1AC2E22FA997E0000F6D2 /* Public */ = {
			isa = PBXGroup;
			children = (
				9AA1AC2F22FA9BB60000F6D2 /* DatePickerViewController.swift */,
				9A5B7F022308FC440099E3A9 /* TimePickerViewController.swift */,
				9A5B7F0623097C540099E3A9 /* CustomPickerViewController.swift */,
			);
			path = Public;
			sourceTree = "<group>";
		};
		9AA1AC3322FC490C0000F6D2 /* Effects */ = {
			isa = PBXGroup;
			children = (
				9AA1AC3422FC492B0000F6D2 /* EffectsTableViewController.swift */,
				9AA1AC3822FC60E70000F6D2 /* EffectsSettingTableViewController.swift */,
				9A5B7F002307F7800099E3A9 /* AcclimationTableViewController.swift */,
				9AE3987F238527CC00A2A632 /* BottomView.swift */,
				9A5B7EFB2307EFA60099E3A9 /* LunnarTableViewController.swift */,
				9A083ADE237C34920018D54D /* TableViewHeadView.swift */,
				9A5B7EFA2307EFA60099E3A9 /* LightningTableViewController.swift */,
				9A5B7EFC2307EFA70099E3A9 /* CloudyTableViewController.swift */,
				9A083AE0237C5C6D0018D54D /* FanTableViewController.swift */,
				9A083AE4237C5DE70018D54D /* TableViewHeaderView.swift */,
				9AA1AC3C22FC64C80000F6D2 /* EffectsSettingTableViewCell.swift */,
				9AA1AC3D22FC64C80000F6D2 /* EffectsSettingTableViewCell.xib */,
				9AA1AC4022FC67160000F6D2 /* EffectsSettingBTableViewCell.swift */,
				9AA1AC4122FC67160000F6D2 /* EffectsSettingBTableViewCell.xib */,
				9AA1AC4622FC68870000F6D2 /* EffectsSettingCTableViewCell.swift */,
				9AA1AC4722FC68870000F6D2 /* EffectsSettingCTableViewCell.xib */,
			);
			path = Effects;
			sourceTree = "<group>";
		};
		9AA1AC4A22FD0BAD0000F6D2 /* Model */ = {
			isa = PBXGroup;
			children = (
				9A5B7EED230446A00099E3A9 /* Pattern */,
				9A102008230066AD000F36D7 /* Device */,
				9AA1AC4B22FD0BCD0000F6D2 /* Effects */,
			);
			path = Model;
			sourceTree = "<group>";
		};
		9AA1AC4B22FD0BCD0000F6D2 /* Effects */ = {
			isa = PBXGroup;
			children = (
				9AA1AC4C22FD0C130000F6D2 /* EffectsSettingModel.swift */,
			);
			path = Effects;
			sourceTree = "<group>";
		};
		DF3FE0527742D0EBEA230E37 /* Frameworks */ = {
			isa = PBXGroup;
			children = (
				3F64C10D86EFF1C7BC7DD516 /* Pods_SmartLight.framework */,
			);
			name = Frameworks;
			sourceTree = "<group>";
		};
/* End PBXGroup section */

/* Begin PBXNativeTarget section */
		9A101B5322F5C9400033E96B /* SmartLight */ = {
			isa = PBXNativeTarget;
			buildConfigurationList = 9A101B7F22F5C9410033E96B /* Build configuration list for PBXNativeTarget "SmartLight" */;
			buildPhases = (
				E9C3FB0B057FD35AA0F58114 /* [CP] Check Pods Manifest.lock */,
				9A101B5022F5C9400033E96B /* Sources */,
				9A101B5122F5C9400033E96B /* Frameworks */,
				9A101B5222F5C9400033E96B /* Resources */,
				616A6145BF0382E9694F3E87 /* [CP] Embed Pods Frameworks */,
				9A5B883B23C2085B009CE2CE /* ShellScript */,
			);
			buildRules = (
			);
			dependencies = (
			);
			name = SmartLight;
			productName = SmartLight;
			productReference = 9A101B5422F5C9400033E96B /* SmartLight.app */;
			productType = "com.apple.product-type.application";
		};
		9A101B6A22F5C9410033E96B /* SmartLightTests */ = {
			isa = PBXNativeTarget;
			buildConfigurationList = 9A101B8222F5C9410033E96B /* Build configuration list for PBXNativeTarget "SmartLightTests" */;
			buildPhases = (
				9A101B6722F5C9410033E96B /* Sources */,
				9A101B6822F5C9410033E96B /* Frameworks */,
				9A101B6922F5C9410033E96B /* Resources */,
			);
			buildRules = (
			);
			dependencies = (
				9A101B6D22F5C9410033E96B /* PBXTargetDependency */,
			);
			name = SmartLightTests;
			productName = SmartLightTests;
			productReference = 9A101B6B22F5C9410033E96B /* SmartLightTests.xctest */;
			productType = "com.apple.product-type.bundle.unit-test";
		};
		9A101B7522F5C9410033E96B /* SmartLightUITests */ = {
			isa = PBXNativeTarget;
			buildConfigurationList = 9A101B8522F5C9410033E96B /* Build configuration list for PBXNativeTarget "SmartLightUITests" */;
			buildPhases = (
				9A101B7222F5C9410033E96B /* Sources */,
				9A101B7322F5C9410033E96B /* Frameworks */,
				9A101B7422F5C9410033E96B /* Resources */,
			);
			buildRules = (
			);
			dependencies = (
				9A101B7822F5C9410033E96B /* PBXTargetDependency */,
			);
			name = SmartLightUITests;
			productName = SmartLightUITests;
			productReference = 9A101B7622F5C9410033E96B /* SmartLightUITests.xctest */;
			productType = "com.apple.product-type.bundle.ui-testing";
		};
/* End PBXNativeTarget section */

/* Begin PBXProject section */
		9A101B4C22F5C9400033E96B /* Project object */ = {
			isa = PBXProject;
			attributes = {
				LastSwiftUpdateCheck = 1030;
				LastUpgradeCheck = 1030;
				ORGANIZATIONNAME = "PDP-ACC";
				TargetAttributes = {
					9A101B5322F5C9400033E96B = {
						CreatedOnToolsVersion = 10.3;
						LastSwiftMigration = 1030;
						SystemCapabilities = {
							com.apple.AccessWiFi = {
								enabled = 1;
							};
							com.apple.BackgroundModes = {
								enabled = 1;
							};
							com.apple.Push = {
								enabled = 1;
							};
						};
					};
					9A101B6A22F5C9410033E96B = {
						CreatedOnToolsVersion = 10.3;
						TestTargetID = 9A101B5322F5C9400033E96B;
					};
					9A101B7522F5C9410033E96B = {
						CreatedOnToolsVersion = 10.3;
						TestTargetID = 9A101B5322F5C9400033E96B;
					};
				};
			};
			buildConfigurationList = 9A101B4F22F5C9400033E96B /* Build configuration list for PBXProject "SmartLight" */;
			compatibilityVersion = "Xcode 9.3";
			developmentRegion = en;
			hasScannedForEncodings = 0;
			knownRegions = (
				en,
				Base,
				"zh-Hans",
			);
			mainGroup = 9A101B4B22F5C9400033E96B;
			productRefGroup = 9A101B5522F5C9400033E96B /* Products */;
			projectDirPath = "";
			projectRoot = "";
			targets = (
				9A101B5322F5C9400033E96B /* SmartLight */,
				9A101B6A22F5C9410033E96B /* SmartLightTests */,
				9A101B7522F5C9410033E96B /* SmartLightUITests */,
			);
		};
/* End PBXProject section */

/* Begin PBXResourcesBuildPhase section */
		9A101B5222F5C9400033E96B /* Resources */ = {
			isa = PBXResourcesBuildPhase;
			buildActionMask = 2147483647;
			files = (
				9AA1AC4922FC68870000F6D2 /* EffectsSettingCTableViewCell.xib in Resources */,
				9A101B6522F5C9410033E96B /* LaunchScreen.storyboard in Resources */,
				9AA1AC3F22FC64C80000F6D2 /* EffectsSettingTableViewCell.xib in Resources */,
				9A101B6222F5C9410033E96B /* Assets.xcassets in Resources */,
				9A3E1E8522F836E500A24DB1 /* BarValueView.xib in Resources */,
				9A1020282303D506000F36D7 /* CodeScan.bundle in Resources */,
				9AA1AC4322FC67160000F6D2 /* EffectsSettingBTableViewCell.xib in Resources */,
				9A1020132302F38D000F36D7 /* Control.storyboard in Resources */,
				9A101B5D22F5C9400033E96B /* Main.storyboard in Resources */,
				9AA1AC3722FC49420000F6D2 /* Effects.storyboard in Resources */,
				9A083AD02379625B0018D54D /* Localizable.strings in Resources */,
				9A3E1EA522F87CC900A24DB1 /* Settings.storyboard in Resources */,
				9A5B883A23C20724009CE2CE /* GoogleService-Info.plist in Resources */,
				9A10201723030031000F36D7 /* TouchBarValueView.xib in Resources */,
				9A10200123004035000F36D7 /* Device.storyboard in Resources */,
				9AA1AC3222FA9BE00000F6D2 /* Public.storyboard in Resources */,
			);
			runOnlyForDeploymentPostprocessing = 0;
		};
		9A101B6922F5C9410033E96B /* Resources */ = {
			isa = PBXResourcesBuildPhase;
			buildActionMask = 2147483647;
			files = (
			);
			runOnlyForDeploymentPostprocessing = 0;
		};
		9A101B7422F5C9410033E96B /* Resources */ = {
			isa = PBXResourcesBuildPhase;
			buildActionMask = 2147483647;
			files = (
			);
			runOnlyForDeploymentPostprocessing = 0;
		};
/* End PBXResourcesBuildPhase section */

/* Begin PBXShellScriptBuildPhase section */
		616A6145BF0382E9694F3E87 /* [CP] Embed Pods Frameworks */ = {
			isa = PBXShellScriptBuildPhase;
			buildActionMask = 2147483647;
			files = (
			);
			inputFileListPaths = (
				"${PODS_ROOT}/Target Support Files/Pods-SmartLight/Pods-SmartLight-frameworks-${CONFIGURATION}-input-files.xcfilelist",
			);
			name = "[CP] Embed Pods Frameworks";
			outputFileListPaths = (
				"${PODS_ROOT}/Target Support Files/Pods-SmartLight/Pods-SmartLight-frameworks-${CONFIGURATION}-output-files.xcfilelist",
			);
			runOnlyForDeploymentPostprocessing = 0;
			shellPath = /bin/sh;
			shellScript = "\"${PODS_ROOT}/Target Support Files/Pods-SmartLight/Pods-SmartLight-frameworks.sh\"\n";
			showEnvVarsInLog = 0;
		};
		9A5B883B23C2085B009CE2CE /* ShellScript */ = {
			isa = PBXShellScriptBuildPhase;
			buildActionMask = 2147483647;
			files = (
			);
			inputFileListPaths = (
			);
			inputPaths = (
				"$(SRCROOT)/$(BUILT_PRODUCTS_DIR)/$(INFOPLIST_PATH)",
			);
			outputFileListPaths = (
			);
			outputPaths = (
			);
			runOnlyForDeploymentPostprocessing = 0;
			shellPath = /bin/sh;
			shellScript = "# Type a script or drag a script file from your workspace to insert its path.\n\"${PODS_ROOT}/Fabric/run\"\n";
		};
		E9C3FB0B057FD35AA0F58114 /* [CP] Check Pods Manifest.lock */ = {
			isa = PBXShellScriptBuildPhase;
			buildActionMask = 2147483647;
			files = (
			);
			inputFileListPaths = (
			);
			inputPaths = (
				"${PODS_PODFILE_DIR_PATH}/Podfile.lock",
				"${PODS_ROOT}/Manifest.lock",
			);
			name = "[CP] Check Pods Manifest.lock";
			outputFileListPaths = (
			);
			outputPaths = (
				"$(DERIVED_FILE_DIR)/Pods-SmartLight-checkManifestLockResult.txt",
			);
			runOnlyForDeploymentPostprocessing = 0;
			shellPath = /bin/sh;
			shellScript = "diff \"${PODS_PODFILE_DIR_PATH}/Podfile.lock\" \"${PODS_ROOT}/Manifest.lock\" > /dev/null\nif [ $? != 0 ] ; then\n    # print error to STDERR\n    echo \"error: The sandbox is not in sync with the Podfile.lock. Run 'pod install' or update your CocoaPods installation.\" >&2\n    exit 1\nfi\n# This output is used by Xcode 'outputs' to avoid re-running this script phase.\necho \"SUCCESS\" > \"${SCRIPT_OUTPUT_FILE_0}\"\n";
			showEnvVarsInLog = 0;
		};
/* End PBXShellScriptBuildPhase section */

/* Begin PBXSourcesBuildPhase section */
		9A101B5022F5C9400033E96B /* Sources */ = {
			isa = PBXSourcesBuildPhase;
			buildActionMask = 2147483647;
			files = (
				9A1D8E2C2316C88F000FEBEC /* TopView.swift in Sources */,
				9A10200A230066BF000F36D7 /* DeviceListModel.swift in Sources */,
				9A10200C23006703000F36D7 /* DeviceModel.swift in Sources */,
				9A211CF82325317600C36FC2 /* ESP_WifiUtil.m in Sources */,
				9A083AE5237C5DE70018D54D /* TableViewHeaderView.swift in Sources */,
				9A10200523005F58000F36D7 /* WIFIListViewController.swift in Sources */,
				9A79F63822F6684E00487DC5 /* Foundation+Extension.swift in Sources */,
				9A79F63D22F669BD00487DC5 /* Colors.swift in Sources */,
				9A1020222303D26C000F36D7 /* LBXScanNetAnimation.swift in Sources */,
				9A211CF92325317600C36FC2 /* ESPDataCode.m in Sources */,
				9A3E1E8A22F8590500A24DB1 /* BaseViewController.swift in Sources */,
				9A083AD52379803D0018D54D /* CurrentLightValueManager.swift in Sources */,
				9AA1AC3022FA9BB60000F6D2 /* DatePickerViewController.swift in Sources */,
				9A211CF12325317600C36FC2 /* ESPDatumCode.m in Sources */,
				9A46AD4223AA7571004C6D32 /* Reachability.swift in Sources */,
				9AA1AC4222FC67160000F6D2 /* EffectsSettingBTableViewCell.swift in Sources */,
				9AA1AC3522FC492B0000F6D2 /* EffectsTableViewController.swift in Sources */,
				9A5B7F05230965870099E3A9 /* Kit.swift in Sources */,
				9A8900B923239973009AF915 /* TCPSocketManager.swift in Sources */,
				9AA1AC3922FC60E70000F6D2 /* EffectsSettingTableViewController.swift in Sources */,
				9AA1AC3E22FC64C80000F6D2 /* EffectsSettingTableViewCell.swift in Sources */,
				9A311C0A238FEE6E0099EC02 /* MCLocation.swift in Sources */,
				9A311C08238FB4640099EC02 /* ESPTools.m in Sources */,
				9A5B7EF72305ABEF0099E3A9 /* OTAViewController.swift in Sources */,
				9A1020252303D26C000F36D7 /* LBXScanViewStyle.swift in Sources */,
				9A5B7EFE2307EFA70099E3A9 /* LunnarTableViewController.swift in Sources */,
				9A5B7F032308FC440099E3A9 /* TimePickerViewController.swift in Sources */,
				9A1020232303D26C000F36D7 /* LBXScanWrapper.swift in Sources */,
				9A5B7F0923098FE30099E3A9 /* Lunnar.swift in Sources */,
				9A5B7EF3230457050099E3A9 /* PatternListModel.swift in Sources */,
				9A5B7EFF2307EFA70099E3A9 /* CloudyTableViewController.swift in Sources */,
				9A3E1E9E22F86DBE00A24DB1 /* BaseNavigationController.swift in Sources */,
				9A5B7EF92307E9940099E3A9 /* Acclimation.swift in Sources */,
				9A5B7F1123099D890099E3A9 /* Lightning.swift in Sources */,
				9A3E1E8722F8573300A24DB1 /* Strings.swift in Sources */,
				9A1020202303D26C000F36D7 /* LBXScanViewController.swift in Sources */,
				9AE398822385667800A2A632 /* QRCodeHelper.swift in Sources */,
				9A5B7F012307F7800099E3A9 /* AcclimationTableViewController.swift in Sources */,
				9A211CFC2325317600C36FC2 /* ESPAES.m in Sources */,
				9A1020242303D26C000F36D7 /* LBXScanLineAnimation.swift in Sources */,
				9A101B6022F5C9400033E96B /* SmartLight.xcdatamodeld in Sources */,
				9A8900A8231F31E3009AF915 /* WIFIManager.swift in Sources */,
				9A5B7EF12304553A0099E3A9 /* PresetViewController.swift in Sources */,
				9A211CF22325317600C36FC2 /* ESP_ByteUtil.m in Sources */,
				9A101B5A22F5C9400033E96B /* DashboardViewController.swift in Sources */,
				9A211CF32325317600C36FC2 /* ESPGuideCode.m in Sources */,
				9A5B7EFD2307EFA70099E3A9 /* LightningTableViewController.swift in Sources */,
				9A10201523030026000F36D7 /* TouchBarValueView.swift in Sources */,
				9A083AE3237C5C8A0018D54D /* Fan.swift in Sources */,
				9A211CEF2325317600C36FC2 /* ESP_CRC8.m in Sources */,
				9A3E1EA022F86E4300A24DB1 /* BaseTabBarController.swift in Sources */,
				9A5B7F132309A1520099E3A9 /* Cloudy.swift in Sources */,
				9A083AE1237C5C6D0018D54D /* FanTableViewController.swift in Sources */,
				9A79F63F22F66E8600487DC5 /* Dimension.swift in Sources */,
				9A1020112302F296000F36D7 /* ControlViewController.swift in Sources */,
				9A1020262303D26C000F36D7 /* LBXPermissions.swift in Sources */,
				9A1020212303D26C000F36D7 /* LBXScanView.swift in Sources */,
				9A3E1E8122F830A600A24DB1 /* Images.swift in Sources */,
				9A10200323005CD5000F36D7 /* SearchDeviceViewController.swift in Sources */,
				9A8900AA23200490009AF915 /* LangaugeTableViewController.swift in Sources */,
				9A211CFB2325317600C36FC2 /* ESPUDPSocketServer.m in Sources */,
				9A3E1E9C22F85C2600A24DB1 /* Arrays.swift in Sources */,
				9A3E1E8322F836C800A24DB1 /* BarValueView.swift in Sources */,
				9AE39880238527CC00A2A632 /* BottomView.swift in Sources */,
				9A101B5822F5C9400033E96B /* AppDelegate.swift in Sources */,
				9AA1AC4D22FD0C130000F6D2 /* EffectsSettingModel.swift in Sources */,
				9A083ADF237C34920018D54D /* TableViewHeadView.swift in Sources */,
				9AA1AC4822FC68870000F6D2 /* EffectsSettingCTableViewCell.swift in Sources */,
				9A5B7F0723097C540099E3A9 /* CustomPickerViewController.swift in Sources */,
				9A211CF52325317600C36FC2 /* ESPTouchGenerator.m in Sources */,
				9A101FFF23004017000F36D7 /* DeviceListViewController.swift in Sources */,
				9A8900AC23215556009AF915 /* DeviceManager.swift in Sources */,
				9A5B7EF52304586C0099E3A9 /* PresetTableViewCell.swift in Sources */,
				9A211CF62325317600C36FC2 /* ESP_NetUtil.m in Sources */,
				9A211CFA2325317600C36FC2 /* ESPTouchTask.m in Sources */,
				9A79F63A22F668F100487DC5 /* UIKit+Extension.swift in Sources */,
				9A101FFC22FDBEDE000F36D7 /* BashboardCollectionViewCell.swift in Sources */,
				9A3E1EA322F8752D00A24DB1 /* SettingsTableViewController.swift in Sources */,
				9A5B7EEF230446D30099E3A9 /* PatternModel.swift in Sources */,
				9A1020072300660E000F36D7 /* DeviceListTableViewCell.swift in Sources */,
				9A211CFF2325320C00C36FC2 /* ESPController.m in Sources */,
				9A211CF02325317600C36FC2 /* ESPTouchResult.m in Sources */,
				9A211CF42325317600C36FC2 /* ESPTouchTaskParameter.m in Sources */,
				9A211CF72325317600C36FC2 /* ESPUDPSocketClient.m in Sources */,
			);
			runOnlyForDeploymentPostprocessing = 0;
		};
		9A101B6722F5C9410033E96B /* Sources */ = {
			isa = PBXSourcesBuildPhase;
			buildActionMask = 2147483647;
			files = (
				9A101B7022F5C9410033E96B /* SmartLightTests.swift in Sources */,
			);
			runOnlyForDeploymentPostprocessing = 0;
		};
		9A101B7222F5C9410033E96B /* Sources */ = {
			isa = PBXSourcesBuildPhase;
			buildActionMask = 2147483647;
			files = (
				9A101B7B22F5C9410033E96B /* SmartLightUITests.swift in Sources */,
			);
			runOnlyForDeploymentPostprocessing = 0;
		};
/* End PBXSourcesBuildPhase section */

/* Begin PBXTargetDependency section */
		9A101B6D22F5C9410033E96B /* PBXTargetDependency */ = {
			isa = PBXTargetDependency;
			target = 9A101B5322F5C9400033E96B /* SmartLight */;
			targetProxy = 9A101B6C22F5C9410033E96B /* PBXContainerItemProxy */;
		};
		9A101B7822F5C9410033E96B /* PBXTargetDependency */ = {
			isa = PBXTargetDependency;
			target = 9A101B5322F5C9400033E96B /* SmartLight */;
			targetProxy = 9A101B7722F5C9410033E96B /* PBXContainerItemProxy */;
		};
/* End PBXTargetDependency section */

/* Begin PBXVariantGroup section */
		9A083AD22379625B0018D54D /* Localizable.strings */ = {
			isa = PBXVariantGroup;
			children = (
				9A083AD12379625B0018D54D /* en */,
				9A083AD3237962680018D54D /* zh-Hans */,
			);
			name = Localizable.strings;
			sourceTree = "<group>";
		};
		9A101B5B22F5C9400033E96B /* Main.storyboard */ = {
			isa = PBXVariantGroup;
			children = (
				9A101B5C22F5C9400033E96B /* Base */,
			);
			name = Main.storyboard;
			sourceTree = "<group>";
		};
		9A101B6322F5C9410033E96B /* LaunchScreen.storyboard */ = {
			isa = PBXVariantGroup;
			children = (
				9A101B6422F5C9410033E96B /* Base */,
			);
			name = LaunchScreen.storyboard;
			sourceTree = "<group>";
		};
/* End PBXVariantGroup section */

/* Begin XCBuildConfiguration section */
		9A101B7D22F5C9410033E96B /* Debug */ = {
			isa = XCBuildConfiguration;
			buildSettings = {
				ALWAYS_SEARCH_USER_PATHS = NO;
				CLANG_ANALYZER_LOCALIZABILITY_NONLOCALIZED = YES;
				CLANG_ANALYZER_NONNULL = YES;
				CLANG_ANALYZER_NUMBER_OBJECT_CONVERSION = YES_AGGRESSIVE;
				CLANG_CXX_LANGUAGE_STANDARD = "gnu++14";
				CLANG_CXX_LIBRARY = "libc++";
				CLANG_ENABLE_MODULES = YES;
				CLANG_ENABLE_OBJC_ARC = YES;
				CLANG_ENABLE_OBJC_WEAK = YES;
				CLANG_WARN_BLOCK_CAPTURE_AUTORELEASING = YES;
				CLANG_WARN_BOOL_CONVERSION = YES;
				CLANG_WARN_COMMA = YES;
				CLANG_WARN_CONSTANT_CONVERSION = YES;
				CLANG_WARN_DEPRECATED_OBJC_IMPLEMENTATIONS = YES;
				CLANG_WARN_DIRECT_OBJC_ISA_USAGE = YES_ERROR;
				CLANG_WARN_DOCUMENTATION_COMMENTS = YES;
				CLANG_WARN_EMPTY_BODY = YES;
				CLANG_WARN_ENUM_CONVERSION = YES;
				CLANG_WARN_INFINITE_RECURSION = YES;
				CLANG_WARN_INT_CONVERSION = YES;
				CLANG_WARN_NON_LITERAL_NULL_CONVERSION = YES;
				CLANG_WARN_OBJC_IMPLICIT_RETAIN_SELF = YES;
				CLANG_WARN_OBJC_LITERAL_CONVERSION = YES;
				CLANG_WARN_OBJC_ROOT_CLASS = YES_ERROR;
				CLANG_WARN_RANGE_LOOP_ANALYSIS = YES;
				CLANG_WARN_STRICT_PROTOTYPES = YES;
				CLANG_WARN_SUSPICIOUS_MOVE = YES;
				CLANG_WARN_UNGUARDED_AVAILABILITY = YES_AGGRESSIVE;
				CLANG_WARN_UNREACHABLE_CODE = YES;
				CLANG_WARN__DUPLICATE_METHOD_MATCH = YES;
				CODE_SIGN_IDENTITY = "iPhone Developer";
				COPY_PHASE_STRIP = NO;
				DEBUG_INFORMATION_FORMAT = dwarf;
				ENABLE_STRICT_OBJC_MSGSEND = YES;
				ENABLE_TESTABILITY = YES;
				GCC_C_LANGUAGE_STANDARD = gnu11;
				GCC_DYNAMIC_NO_PIC = NO;
				GCC_NO_COMMON_BLOCKS = YES;
				GCC_OPTIMIZATION_LEVEL = 0;
				GCC_PREPROCESSOR_DEFINITIONS = (
					"DEBUG=1",
					"$(inherited)",
				);
				GCC_WARN_64_TO_32_BIT_CONVERSION = YES;
				GCC_WARN_ABOUT_RETURN_TYPE = YES_ERROR;
				GCC_WARN_UNDECLARED_SELECTOR = YES;
				GCC_WARN_UNINITIALIZED_AUTOS = YES_AGGRESSIVE;
				GCC_WARN_UNUSED_FUNCTION = YES;
				GCC_WARN_UNUSED_VARIABLE = YES;
				IPHONEOS_DEPLOYMENT_TARGET = 12.4;
				MTL_ENABLE_DEBUG_INFO = INCLUDE_SOURCE;
				MTL_FAST_MATH = YES;
				ONLY_ACTIVE_ARCH = YES;
				SDKROOT = iphoneos;
				SWIFT_ACTIVE_COMPILATION_CONDITIONS = DEBUG;
				SWIFT_OPTIMIZATION_LEVEL = "-Onone";
			};
			name = Debug;
		};
		9A101B7E22F5C9410033E96B /* Release */ = {
			isa = XCBuildConfiguration;
			buildSettings = {
				ALWAYS_SEARCH_USER_PATHS = NO;
				CLANG_ANALYZER_LOCALIZABILITY_NONLOCALIZED = YES;
				CLANG_ANALYZER_NONNULL = YES;
				CLANG_ANALYZER_NUMBER_OBJECT_CONVERSION = YES_AGGRESSIVE;
				CLANG_CXX_LANGUAGE_STANDARD = "gnu++14";
				CLANG_CXX_LIBRARY = "libc++";
				CLANG_ENABLE_MODULES = YES;
				CLANG_ENABLE_OBJC_ARC = YES;
				CLANG_ENABLE_OBJC_WEAK = YES;
				CLANG_WARN_BLOCK_CAPTURE_AUTORELEASING = YES;
				CLANG_WARN_BOOL_CONVERSION = YES;
				CLANG_WARN_COMMA = YES;
				CLANG_WARN_CONSTANT_CONVERSION = YES;
				CLANG_WARN_DEPRECATED_OBJC_IMPLEMENTATIONS = YES;
				CLANG_WARN_DIRECT_OBJC_ISA_USAGE = YES_ERROR;
				CLANG_WARN_DOCUMENTATION_COMMENTS = YES;
				CLANG_WARN_EMPTY_BODY = YES;
				CLANG_WARN_ENUM_CONVERSION = YES;
				CLANG_WARN_INFINITE_RECURSION = YES;
				CLANG_WARN_INT_CONVERSION = YES;
				CLANG_WARN_NON_LITERAL_NULL_CONVERSION = YES;
				CLANG_WARN_OBJC_IMPLICIT_RETAIN_SELF = YES;
				CLANG_WARN_OBJC_LITERAL_CONVERSION = YES;
				CLANG_WARN_OBJC_ROOT_CLASS = YES_ERROR;
				CLANG_WARN_RANGE_LOOP_ANALYSIS = YES;
				CLANG_WARN_STRICT_PROTOTYPES = YES;
				CLANG_WARN_SUSPICIOUS_MOVE = YES;
				CLANG_WARN_UNGUARDED_AVAILABILITY = YES_AGGRESSIVE;
				CLANG_WARN_UNREACHABLE_CODE = YES;
				CLANG_WARN__DUPLICATE_METHOD_MATCH = YES;
				CODE_SIGN_IDENTITY = "iPhone Developer";
				COPY_PHASE_STRIP = NO;
				DEBUG_INFORMATION_FORMAT = "dwarf-with-dsym";
				ENABLE_NS_ASSERTIONS = NO;
				ENABLE_STRICT_OBJC_MSGSEND = YES;
				GCC_C_LANGUAGE_STANDARD = gnu11;
				GCC_NO_COMMON_BLOCKS = YES;
				GCC_WARN_64_TO_32_BIT_CONVERSION = YES;
				GCC_WARN_ABOUT_RETURN_TYPE = YES_ERROR;
				GCC_WARN_UNDECLARED_SELECTOR = YES;
				GCC_WARN_UNINITIALIZED_AUTOS = YES_AGGRESSIVE;
				GCC_WARN_UNUSED_FUNCTION = YES;
				GCC_WARN_UNUSED_VARIABLE = YES;
				IPHONEOS_DEPLOYMENT_TARGET = 12.4;
				MTL_ENABLE_DEBUG_INFO = NO;
				MTL_FAST_MATH = YES;
				SDKROOT = iphoneos;
				SWIFT_COMPILATION_MODE = wholemodule;
				SWIFT_OPTIMIZATION_LEVEL = "-O";
				VALIDATE_PRODUCT = YES;
			};
			name = Release;
		};
		9A101B8022F5C9410033E96B /* Debug */ = {
			isa = XCBuildConfiguration;
			baseConfigurationReference = 7FEBEBB733C700359B9854BE /* Pods-SmartLight.debug.xcconfig */;
			buildSettings = {
				ASSETCATALOG_COMPILER_APPICON_NAME = AppIcon;
				CLANG_ENABLE_MODULES = YES;
				CODE_SIGN_ENTITLEMENTS = SmartLight/SmartLight.entitlements;
				CODE_SIGN_STYLE = Automatic;
				CURRENT_PROJECT_VERSION = 13;
				DEVELOPMENT_TEAM = M756U7F837;
				INFOPLIST_FILE = SmartLight/Info.plist;
				IPHONEOS_DEPLOYMENT_TARGET = 9.0;
				LD_RUNPATH_SEARCH_PATHS = (
					"$(inherited)",
					"@executable_path/Frameworks",
				);
				MARKETING_VERSION = 1.0.0;
				PRODUCT_BUNDLE_IDENTIFIER = com.anker.SmartLightDev;
				PRODUCT_NAME = "$(TARGET_NAME)";
				SWIFT_OBJC_BRIDGING_HEADER = "SmartLight/Kit/ObjectC/SmartLight-Bridging-Header.h";
				SWIFT_OPTIMIZATION_LEVEL = "-Onone";
				SWIFT_VERSION = 5.0;
				TARGETED_DEVICE_FAMILY = "1,2";
			};
			name = Debug;
		};
		9A101B8122F5C9410033E96B /* Release */ = {
			isa = XCBuildConfiguration;
			baseConfigurationReference = CD261D01D98AF10D7C326555 /* Pods-SmartLight.release.xcconfig */;
			buildSettings = {
				ASSETCATALOG_COMPILER_APPICON_NAME = AppIcon;
				CLANG_ENABLE_MODULES = YES;
				CODE_SIGN_ENTITLEMENTS = SmartLight/SmartLight.entitlements;
				CODE_SIGN_STYLE = Automatic;
				CURRENT_PROJECT_VERSION = 13;
				DEVELOPMENT_TEAM = M756U7F837;
				INFOPLIST_FILE = SmartLight/Info.plist;
				IPHONEOS_DEPLOYMENT_TARGET = 9.0;
				LD_RUNPATH_SEARCH_PATHS = (
					"$(inherited)",
					"@executable_path/Frameworks",
				);
				MARKETING_VERSION = 1.0.0;
				PRODUCT_BUNDLE_IDENTIFIER = com.anker.SmartLightDev;
				PRODUCT_NAME = "$(TARGET_NAME)";
				SWIFT_OBJC_BRIDGING_HEADER = "SmartLight/Kit/ObjectC/SmartLight-Bridging-Header.h";
				SWIFT_VERSION = 5.0;
				TARGETED_DEVICE_FAMILY = "1,2";
			};
			name = Release;
		};
		9A101B8322F5C9410033E96B /* Debug */ = {
			isa = XCBuildConfiguration;
			buildSettings = {
				ALWAYS_EMBED_SWIFT_STANDARD_LIBRARIES = YES;
				BUNDLE_LOADER = "$(TEST_HOST)";
				CODE_SIGN_STYLE = Automatic;
				DEVELOPMENT_TEAM = BVL93LPC7F;
				INFOPLIST_FILE = SmartLightTests/Info.plist;
				LD_RUNPATH_SEARCH_PATHS = (
					"$(inherited)",
					"@executable_path/Frameworks",
					"@loader_path/Frameworks",
				);
				PRODUCT_BUNDLE_IDENTIFIER = com.anker.SmartLightTests;
				PRODUCT_NAME = "$(TARGET_NAME)";
				SWIFT_VERSION = 5.0;
				TARGETED_DEVICE_FAMILY = "1,2";
				TEST_HOST = "$(BUILT_PRODUCTS_DIR)/SmartLight.app/SmartLight";
			};
			name = Debug;
		};
		9A101B8422F5C9410033E96B /* Release */ = {
			isa = XCBuildConfiguration;
			buildSettings = {
				ALWAYS_EMBED_SWIFT_STANDARD_LIBRARIES = YES;
				BUNDLE_LOADER = "$(TEST_HOST)";
				CODE_SIGN_STYLE = Automatic;
				DEVELOPMENT_TEAM = BVL93LPC7F;
				INFOPLIST_FILE = SmartLightTests/Info.plist;
				LD_RUNPATH_SEARCH_PATHS = (
					"$(inherited)",
					"@executable_path/Frameworks",
					"@loader_path/Frameworks",
				);
				PRODUCT_BUNDLE_IDENTIFIER = com.anker.SmartLightTests;
				PRODUCT_NAME = "$(TARGET_NAME)";
				SWIFT_VERSION = 5.0;
				TARGETED_DEVICE_FAMILY = "1,2";
				TEST_HOST = "$(BUILT_PRODUCTS_DIR)/SmartLight.app/SmartLight";
			};
			name = Release;
		};
		9A101B8622F5C9410033E96B /* Debug */ = {
			isa = XCBuildConfiguration;
			buildSettings = {
				ALWAYS_EMBED_SWIFT_STANDARD_LIBRARIES = YES;
				CODE_SIGN_STYLE = Automatic;
				DEVELOPMENT_TEAM = BVL93LPC7F;
				INFOPLIST_FILE = SmartLightUITests/Info.plist;
				LD_RUNPATH_SEARCH_PATHS = (
					"$(inherited)",
					"@executable_path/Frameworks",
					"@loader_path/Frameworks",
				);
				PRODUCT_BUNDLE_IDENTIFIER = com.anker.SmartLightUITests;
				PRODUCT_NAME = "$(TARGET_NAME)";
				SWIFT_VERSION = 5.0;
				TARGETED_DEVICE_FAMILY = "1,2";
				TEST_TARGET_NAME = SmartLight;
			};
			name = Debug;
		};
		9A101B8722F5C9410033E96B /* Release */ = {
			isa = XCBuildConfiguration;
			buildSettings = {
				ALWAYS_EMBED_SWIFT_STANDARD_LIBRARIES = YES;
				CODE_SIGN_STYLE = Automatic;
				DEVELOPMENT_TEAM = BVL93LPC7F;
				INFOPLIST_FILE = SmartLightUITests/Info.plist;
				LD_RUNPATH_SEARCH_PATHS = (
					"$(inherited)",
					"@executable_path/Frameworks",
					"@loader_path/Frameworks",
				);
				PRODUCT_BUNDLE_IDENTIFIER = com.anker.SmartLightUITests;
				PRODUCT_NAME = "$(TARGET_NAME)";
				SWIFT_VERSION = 5.0;
				TARGETED_DEVICE_FAMILY = "1,2";
				TEST_TARGET_NAME = SmartLight;
			};
			name = Release;
		};
/* End XCBuildConfiguration section */

/* Begin XCConfigurationList section */
		9A101B4F22F5C9400033E96B /* Build configuration list for PBXProject "SmartLight" */ = {
			isa = XCConfigurationList;
			buildConfigurations = (
				9A101B7D22F5C9410033E96B /* Debug */,
				9A101B7E22F5C9410033E96B /* Release */,
			);
			defaultConfigurationIsVisible = 0;
			defaultConfigurationName = Release;
		};
		9A101B7F22F5C9410033E96B /* Build configuration list for PBXNativeTarget "SmartLight" */ = {
			isa = XCConfigurationList;
			buildConfigurations = (
				9A101B8022F5C9410033E96B /* Debug */,
				9A101B8122F5C9410033E96B /* Release */,
			);
			defaultConfigurationIsVisible = 0;
			defaultConfigurationName = Release;
		};
		9A101B8222F5C9410033E96B /* Build configuration list for PBXNativeTarget "SmartLightTests" */ = {
			isa = XCConfigurationList;
			buildConfigurations = (
				9A101B8322F5C9410033E96B /* Debug */,
				9A101B8422F5C9410033E96B /* Release */,
			);
			defaultConfigurationIsVisible = 0;
			defaultConfigurationName = Release;
		};
		9A101B8522F5C9410033E96B /* Build configuration list for PBXNativeTarget "SmartLightUITests" */ = {
			isa = XCConfigurationList;
			buildConfigurations = (
				9A101B8622F5C9410033E96B /* Debug */,
				9A101B8722F5C9410033E96B /* Release */,
			);
			defaultConfigurationIsVisible = 0;
			defaultConfigurationName = Release;
		};
/* End XCConfigurationList section */

/* Begin XCVersionGroup section */
		9A101B5E22F5C9400033E96B /* SmartLight.xcdatamodeld */ = {
			isa = XCVersionGroup;
			children = (
				9A101B5F22F5C9400033E96B /* SmartLight.xcdatamodel */,
			);
			currentVersion = 9A101B5F22F5C9400033E96B /* SmartLight.xcdatamodel */;
			path = SmartLight.xcdatamodeld;
			sourceTree = "<group>";
			versionGroupType = wrapper.xcdatamodel;
		};
/* End XCVersionGroup section */
	};
	rootObject = 9A101B4C22F5C9400033E96B /* Project object */;
}
